// !$*UTF8*$!
{
	archiveVersion = 1;
	classes = {
	};
	objectVersion = 46;
	objects = {

/* Begin PBXBuildFile section */
		5E4A15C618FC66B80000BC5A /* WorldMap.m in Sources */ = {isa = PBXBuildFile; fileRef = 5E4A15C518FC66B80000BC5A /* WorldMap.m */; };
		5E4A15CD18FC7A0C0000BC5A /* SystemMovimentoAndar.m in Sources */ = {isa = PBXBuildFile; fileRef = 5E4A15CC18FC7A0C0000BC5A /* SystemMovimentoAndar.m */; };
		5E8A846B18FDABFA0081583D /* dpad.fla in Resources */ = {isa = PBXBuildFile; fileRef = 5E8A846918FDABFA0081583D /* dpad.fla */; };
		5E8A847018FDC6110081583D /* GameData.m in Sources */ = {isa = PBXBuildFile; fileRef = 5E8A846F18FDC6110081583D /* GameData.m */; };
		B32AE32A18F465CB006F8635 /* Foundation.framework in Frameworks */ = {isa = PBXBuildFile; fileRef = B32AE32918F465CB006F8635 /* Foundation.framework */; };
		B32AE32C18F465CB006F8635 /* CoreGraphics.framework in Frameworks */ = {isa = PBXBuildFile; fileRef = B32AE32B18F465CB006F8635 /* CoreGraphics.framework */; };
		B32AE32E18F465CB006F8635 /* UIKit.framework in Frameworks */ = {isa = PBXBuildFile; fileRef = B32AE32D18F465CB006F8635 /* UIKit.framework */; };
		B32AE33018F465CC006F8635 /* SpriteKit.framework in Frameworks */ = {isa = PBXBuildFile; fileRef = B32AE32F18F465CC006F8635 /* SpriteKit.framework */; };
		B32AE33618F465CC006F8635 /* InfoPlist.strings in Resources */ = {isa = PBXBuildFile; fileRef = B32AE33418F465CC006F8635 /* InfoPlist.strings */; };
		B32AE33818F465CC006F8635 /* main.m in Sources */ = {isa = PBXBuildFile; fileRef = B32AE33718F465CC006F8635 /* main.m */; };
		B32AE33C18F465CC006F8635 /* AppDelegate.m in Sources */ = {isa = PBXBuildFile; fileRef = B32AE33B18F465CC006F8635 /* AppDelegate.m */; };
		B32AE33F18F465CC006F8635 /* Main_iPhone.storyboard in Resources */ = {isa = PBXBuildFile; fileRef = B32AE33D18F465CC006F8635 /* Main_iPhone.storyboard */; };
		B32AE34218F465CC006F8635 /* Main_iPad.storyboard in Resources */ = {isa = PBXBuildFile; fileRef = B32AE34018F465CC006F8635 /* Main_iPad.storyboard */; };
		B32AE34518F465CC006F8635 /* ViewController.m in Sources */ = {isa = PBXBuildFile; fileRef = B32AE34418F465CC006F8635 /* ViewController.m */; };
		B32AE34818F465CC006F8635 /* MyScene.m in Sources */ = {isa = PBXBuildFile; fileRef = B32AE34718F465CC006F8635 /* MyScene.m */; };
		B32AE34C18F465CC006F8635 /* Images.xcassets in Resources */ = {isa = PBXBuildFile; fileRef = B32AE34B18F465CC006F8635 /* Images.xcassets */; };
		B32AE35318F465CC006F8635 /* XCTest.framework in Frameworks */ = {isa = PBXBuildFile; fileRef = B32AE35218F465CC006F8635 /* XCTest.framework */; };
		B32AE35418F465CC006F8635 /* Foundation.framework in Frameworks */ = {isa = PBXBuildFile; fileRef = B32AE32918F465CB006F8635 /* Foundation.framework */; };
		B32AE35518F465CC006F8635 /* UIKit.framework in Frameworks */ = {isa = PBXBuildFile; fileRef = B32AE32D18F465CB006F8635 /* UIKit.framework */; };
		B32AE35D18F465CC006F8635 /* InfoPlist.strings in Resources */ = {isa = PBXBuildFile; fileRef = B32AE35B18F465CC006F8635 /* InfoPlist.strings */; };
		B32AE35F18F465CC006F8635 /* GamePrototypeTests.m in Sources */ = {isa = PBXBuildFile; fileRef = B32AE35E18F465CC006F8635 /* GamePrototypeTests.m */; };
		B32AE36B18F46736006F8635 /* GPEntity.m in Sources */ = {isa = PBXBuildFile; fileRef = B32AE36A18F46736006F8635 /* GPEntity.m */; };
		B32AE36E18F467E3006F8635 /* GPComponent.m in Sources */ = {isa = PBXBuildFile; fileRef = B32AE36D18F467E3006F8635 /* GPComponent.m */; };
		B32AE37118F46B35006F8635 /* GPSystem.m in Sources */ = {isa = PBXBuildFile; fileRef = B32AE37018F46B35006F8635 /* GPSystem.m */; };
		B32AE37418F46BB2006F8635 /* GPGameScene.m in Sources */ = {isa = PBXBuildFile; fileRef = B32AE37318F46BB2006F8635 /* GPGameScene.m */; };
		B32B9BBE18FDA34800BF4B2C /* ComponentMapaGrid.m in Sources */ = {isa = PBXBuildFile; fileRef = B32B9BBD18FDA34800BF4B2C /* ComponentMapaGrid.m */; };
		B32B9BC118FDB68A00BF4B2C /* SystemMap.m in Sources */ = {isa = PBXBuildFile; fileRef = B32B9BC018FDB68A00BF4B2C /* SystemMap.m */; };
		B32DB95F18F49557001ECCD2 /* SystemAttackDrag.m in Sources */ = {isa = PBXBuildFile; fileRef = B32DB95E18F49557001ECCD2 /* SystemAttackDrag.m */; };
		B32DB96218F4959E001ECCD2 /* ComponentDraggableAttack.m in Sources */ = {isa = PBXBuildFile; fileRef = B32DB96118F4959E001ECCD2 /* ComponentDraggableAttack.m */; };
		B32E643B18FEF58400040D47 /* ComponentMovement.m in Sources */ = {isa = PBXBuildFile; fileRef = B32E643A18FEF58400040D47 /* ComponentMovement.m */; };
		B32E643E18FEF66700040D47 /* SystemMapMovement.m in Sources */ = {isa = PBXBuildFile; fileRef = B32E643D18FEF66700040D47 /* SystemMapMovement.m */; };
		B32E644318FF098900040D47 /* SystemCamera.m in Sources */ = {isa = PBXBuildFile; fileRef = B32E644218FF098900040D47 /* SystemCamera.m */; };
		B32E644618FF099F00040D47 /* ComponentCamera.m in Sources */ = {isa = PBXBuildFile; fileRef = B32E644518FF099F00040D47 /* ComponentCamera.m */; };
		B34B2DE018F475EE007B82C4 /* GPEntitySelector.m in Sources */ = {isa = PBXBuildFile; fileRef = B34B2DDF18F475EE007B82C4 /* GPEntitySelector.m */; };
		B34B2DE318F47E17007B82C4 /* GPSelectorRules.m in Sources */ = {isa = PBXBuildFile; fileRef = B34B2DE218F47E17007B82C4 /* GPSelectorRules.m */; };
		B35DDFA118F5D11A0079F74D /* ComponentHealth.m in Sources */ = {isa = PBXBuildFile; fileRef = B35DDFA018F5D11A0079F74D /* ComponentHealth.m */; };
		B35DDFA518F5DE580079F74D /* SystemHealthIndicator.m in Sources */ = {isa = PBXBuildFile; fileRef = B35DDFA418F5DE580079F74D /* SystemHealthIndicator.m */; };
		B35DDFA818F5E4FF0079F74D /* ComponentHealthIndicator.m in Sources */ = {isa = PBXBuildFile; fileRef = B35DDFA718F5E4FF0079F74D /* ComponentHealthIndicator.m */; };
		FC3F739018FF03AF00949342 /* player.png in Resources */ = {isa = PBXBuildFile; fileRef = FC3F738E18FF03AF00949342 /* player.png */; };
		FC3F739118FF03AF00949342 /* tile-grass.png in Resources */ = {isa = PBXBuildFile; fileRef = FC3F738F18FF03AF00949342 /* tile-grass.png */; };
		FC3F73C718FF24E900949342 /* dragon.atlas in Resources */ = {isa = PBXBuildFile; fileRef = FC3F73C618FF24E900949342 /* dragon.atlas */; };
		FC66C37718FDB7C00015062B /* dpad.png in Resources */ = {isa = PBXBuildFile; fileRef = FC66C37618FDB7C00015062B /* dpad.png */; };
/* End PBXBuildFile section */

/* Begin PBXContainerItemProxy section */
		B32AE35618F465CC006F8635 /* PBXContainerItemProxy */ = {
			isa = PBXContainerItemProxy;
			containerPortal = B32AE31E18F465CB006F8635 /* Project object */;
			proxyType = 1;
			remoteGlobalIDString = B32AE32518F465CB006F8635;
			remoteInfo = GamePrototype;
		};
/* End PBXContainerItemProxy section */

/* Begin PBXFileReference section */
		5E4A15C418FC66B80000BC5A /* WorldMap.h */ = {isa = PBXFileReference; fileEncoding = 4; lastKnownFileType = sourcecode.c.h; path = WorldMap.h; sourceTree = "<group>"; };
		5E4A15C518FC66B80000BC5A /* WorldMap.m */ = {isa = PBXFileReference; fileEncoding = 4; lastKnownFileType = sourcecode.c.objc; path = WorldMap.m; sourceTree = "<group>"; };
		5E4A15CB18FC7A0C0000BC5A /* SystemMovimentoAndar.h */ = {isa = PBXFileReference; fileEncoding = 4; lastKnownFileType = sourcecode.c.h; path = SystemMovimentoAndar.h; sourceTree = "<group>"; };
		5E4A15CC18FC7A0C0000BC5A /* SystemMovimentoAndar.m */ = {isa = PBXFileReference; fileEncoding = 4; lastKnownFileType = sourcecode.c.objc; path = SystemMovimentoAndar.m; sourceTree = "<group>"; };
		5E8A846918FDABFA0081583D /* dpad.fla */ = {isa = PBXFileReference; lastKnownFileType = file; path = dpad.fla; sourceTree = "<group>"; };
		5E8A846E18FDC6110081583D /* GameData.h */ = {isa = PBXFileReference; fileEncoding = 4; lastKnownFileType = sourcecode.c.h; path = GameData.h; sourceTree = "<group>"; };
		5E8A846F18FDC6110081583D /* GameData.m */ = {isa = PBXFileReference; fileEncoding = 4; lastKnownFileType = sourcecode.c.objc; path = GameData.m; sourceTree = "<group>"; };
		B32AE32618F465CB006F8635 /* GamePrototype.app */ = {isa = PBXFileReference; explicitFileType = wrapper.application; includeInIndex = 0; path = GamePrototype.app; sourceTree = BUILT_PRODUCTS_DIR; };
		B32AE32918F465CB006F8635 /* Foundation.framework */ = {isa = PBXFileReference; lastKnownFileType = wrapper.framework; name = Foundation.framework; path = System/Library/Frameworks/Foundation.framework; sourceTree = SDKROOT; };
		B32AE32B18F465CB006F8635 /* CoreGraphics.framework */ = {isa = PBXFileReference; lastKnownFileType = wrapper.framework; name = CoreGraphics.framework; path = System/Library/Frameworks/CoreGraphics.framework; sourceTree = SDKROOT; };
		B32AE32D18F465CB006F8635 /* UIKit.framework */ = {isa = PBXFileReference; lastKnownFileType = wrapper.framework; name = UIKit.framework; path = System/Library/Frameworks/UIKit.framework; sourceTree = SDKROOT; };
		B32AE32F18F465CC006F8635 /* SpriteKit.framework */ = {isa = PBXFileReference; lastKnownFileType = wrapper.framework; name = SpriteKit.framework; path = System/Library/Frameworks/SpriteKit.framework; sourceTree = SDKROOT; };
		B32AE33318F465CC006F8635 /* GamePrototype-Info.plist */ = {isa = PBXFileReference; lastKnownFileType = text.plist.xml; path = "GamePrototype-Info.plist"; sourceTree = "<group>"; };
		B32AE33518F465CC006F8635 /* en */ = {isa = PBXFileReference; lastKnownFileType = text.plist.strings; name = en; path = en.lproj/InfoPlist.strings; sourceTree = "<group>"; };
		B32AE33718F465CC006F8635 /* main.m */ = {isa = PBXFileReference; lastKnownFileType = sourcecode.c.objc; path = main.m; sourceTree = "<group>"; };
		B32AE33918F465CC006F8635 /* GamePrototype-Prefix.pch */ = {isa = PBXFileReference; lastKnownFileType = sourcecode.c.h; path = "GamePrototype-Prefix.pch"; sourceTree = "<group>"; };
		B32AE33A18F465CC006F8635 /* AppDelegate.h */ = {isa = PBXFileReference; lastKnownFileType = sourcecode.c.h; path = AppDelegate.h; sourceTree = "<group>"; };
		B32AE33B18F465CC006F8635 /* AppDelegate.m */ = {isa = PBXFileReference; lastKnownFileType = sourcecode.c.objc; path = AppDelegate.m; sourceTree = "<group>"; };
		B32AE33E18F465CC006F8635 /* Base */ = {isa = PBXFileReference; lastKnownFileType = file.storyboard; name = Base; path = Base.lproj/Main_iPhone.storyboard; sourceTree = "<group>"; };
		B32AE34118F465CC006F8635 /* Base */ = {isa = PBXFileReference; lastKnownFileType = file.storyboard; name = Base; path = Base.lproj/Main_iPad.storyboard; sourceTree = "<group>"; };
		B32AE34318F465CC006F8635 /* ViewController.h */ = {isa = PBXFileReference; lastKnownFileType = sourcecode.c.h; path = ViewController.h; sourceTree = "<group>"; };
		B32AE34418F465CC006F8635 /* ViewController.m */ = {isa = PBXFileReference; lastKnownFileType = sourcecode.c.objc; path = ViewController.m; sourceTree = "<group>"; };
		B32AE34618F465CC006F8635 /* MyScene.h */ = {isa = PBXFileReference; lastKnownFileType = sourcecode.c.h; path = MyScene.h; sourceTree = "<group>"; };
		B32AE34718F465CC006F8635 /* MyScene.m */ = {isa = PBXFileReference; lastKnownFileType = sourcecode.c.objc; path = MyScene.m; sourceTree = "<group>"; };
		B32AE34B18F465CC006F8635 /* Images.xcassets */ = {isa = PBXFileReference; lastKnownFileType = folder.assetcatalog; path = Images.xcassets; sourceTree = "<group>"; };
		B32AE35118F465CC006F8635 /* GamePrototypeTests.xctest */ = {isa = PBXFileReference; explicitFileType = wrapper.cfbundle; includeInIndex = 0; path = GamePrototypeTests.xctest; sourceTree = BUILT_PRODUCTS_DIR; };
		B32AE35218F465CC006F8635 /* XCTest.framework */ = {isa = PBXFileReference; lastKnownFileType = wrapper.framework; name = XCTest.framework; path = Library/Frameworks/XCTest.framework; sourceTree = DEVELOPER_DIR; };
		B32AE35A18F465CC006F8635 /* GamePrototypeTests-Info.plist */ = {isa = PBXFileReference; lastKnownFileType = text.plist.xml; path = "GamePrototypeTests-Info.plist"; sourceTree = "<group>"; };
		B32AE35C18F465CC006F8635 /* en */ = {isa = PBXFileReference; lastKnownFileType = text.plist.strings; name = en; path = en.lproj/InfoPlist.strings; sourceTree = "<group>"; };
		B32AE35E18F465CC006F8635 /* GamePrototypeTests.m */ = {isa = PBXFileReference; lastKnownFileType = sourcecode.c.objc; path = GamePrototypeTests.m; sourceTree = "<group>"; };
		B32AE36918F46736006F8635 /* GPEntity.h */ = {isa = PBXFileReference; fileEncoding = 4; lastKnownFileType = sourcecode.c.h; path = GPEntity.h; sourceTree = "<group>"; };
		B32AE36A18F46736006F8635 /* GPEntity.m */ = {isa = PBXFileReference; fileEncoding = 4; lastKnownFileType = sourcecode.c.objc; path = GPEntity.m; sourceTree = "<group>"; };
		B32AE36C18F467E3006F8635 /* GPComponent.h */ = {isa = PBXFileReference; fileEncoding = 4; lastKnownFileType = sourcecode.c.h; path = GPComponent.h; sourceTree = "<group>"; };
		B32AE36D18F467E3006F8635 /* GPComponent.m */ = {isa = PBXFileReference; fileEncoding = 4; lastKnownFileType = sourcecode.c.objc; path = GPComponent.m; sourceTree = "<group>"; };
		B32AE36F18F46B35006F8635 /* GPSystem.h */ = {isa = PBXFileReference; fileEncoding = 4; lastKnownFileType = sourcecode.c.h; path = GPSystem.h; sourceTree = "<group>"; };
		B32AE37018F46B35006F8635 /* GPSystem.m */ = {isa = PBXFileReference; fileEncoding = 4; lastKnownFileType = sourcecode.c.objc; path = GPSystem.m; sourceTree = "<group>"; };
		B32AE37218F46BB2006F8635 /* GPGameScene.h */ = {isa = PBXFileReference; fileEncoding = 4; lastKnownFileType = sourcecode.c.h; path = GPGameScene.h; sourceTree = "<group>"; };
		B32AE37318F46BB2006F8635 /* GPGameScene.m */ = {isa = PBXFileReference; fileEncoding = 4; lastKnownFileType = sourcecode.c.objc; path = GPGameScene.m; sourceTree = "<group>"; };
		B32B9BBC18FDA34800BF4B2C /* ComponentMapaGrid.h */ = {isa = PBXFileReference; fileEncoding = 4; lastKnownFileType = sourcecode.c.h; path = ComponentMapaGrid.h; sourceTree = "<group>"; };
		B32B9BBD18FDA34800BF4B2C /* ComponentMapaGrid.m */ = {isa = PBXFileReference; fileEncoding = 4; lastKnownFileType = sourcecode.c.objc; path = ComponentMapaGrid.m; sourceTree = "<group>"; };
		B32B9BBF18FDB68A00BF4B2C /* SystemMap.h */ = {isa = PBXFileReference; fileEncoding = 4; lastKnownFileType = sourcecode.c.h; path = SystemMap.h; sourceTree = "<group>"; };
		B32B9BC018FDB68A00BF4B2C /* SystemMap.m */ = {isa = PBXFileReference; fileEncoding = 4; lastKnownFileType = sourcecode.c.objc; path = SystemMap.m; sourceTree = "<group>"; };
		B32DB95C18F48DA4001ECCD2 /* GamePrototype.h */ = {isa = PBXFileReference; lastKnownFileType = sourcecode.c.h; path = GamePrototype.h; sourceTree = "<group>"; };
		B32DB95D18F49557001ECCD2 /* SystemAttackDrag.h */ = {isa = PBXFileReference; fileEncoding = 4; lastKnownFileType = sourcecode.c.h; path = SystemAttackDrag.h; sourceTree = "<group>"; };
		B32DB95E18F49557001ECCD2 /* SystemAttackDrag.m */ = {isa = PBXFileReference; fileEncoding = 4; lastKnownFileType = sourcecode.c.objc; path = SystemAttackDrag.m; sourceTree = "<group>"; };
		B32DB96018F4959E001ECCD2 /* ComponentDraggableAttack.h */ = {isa = PBXFileReference; fileEncoding = 4; lastKnownFileType = sourcecode.c.h; path = ComponentDraggableAttack.h; sourceTree = "<group>"; };
		B32DB96118F4959E001ECCD2 /* ComponentDraggableAttack.m */ = {isa = PBXFileReference; fileEncoding = 4; lastKnownFileType = sourcecode.c.objc; path = ComponentDraggableAttack.m; sourceTree = "<group>"; };
		B32E643918FEF58400040D47 /* ComponentMovement.h */ = {isa = PBXFileReference; fileEncoding = 4; lastKnownFileType = sourcecode.c.h; path = ComponentMovement.h; sourceTree = "<group>"; };
		B32E643A18FEF58400040D47 /* ComponentMovement.m */ = {isa = PBXFileReference; fileEncoding = 4; lastKnownFileType = sourcecode.c.objc; path = ComponentMovement.m; sourceTree = "<group>"; };
		B32E643C18FEF66700040D47 /* SystemMapMovement.h */ = {isa = PBXFileReference; fileEncoding = 4; lastKnownFileType = sourcecode.c.h; path = SystemMapMovement.h; sourceTree = "<group>"; };
		B32E643D18FEF66700040D47 /* SystemMapMovement.m */ = {isa = PBXFileReference; fileEncoding = 4; lastKnownFileType = sourcecode.c.objc; path = SystemMapMovement.m; sourceTree = "<group>"; };
		B32E644118FF098900040D47 /* SystemCamera.h */ = {isa = PBXFileReference; fileEncoding = 4; lastKnownFileType = sourcecode.c.h; path = SystemCamera.h; sourceTree = "<group>"; };
		B32E644218FF098900040D47 /* SystemCamera.m */ = {isa = PBXFileReference; fileEncoding = 4; lastKnownFileType = sourcecode.c.objc; path = SystemCamera.m; sourceTree = "<group>"; };
		B32E644418FF099F00040D47 /* ComponentCamera.h */ = {isa = PBXFileReference; fileEncoding = 4; lastKnownFileType = sourcecode.c.h; path = ComponentCamera.h; sourceTree = "<group>"; };
		B32E644518FF099F00040D47 /* ComponentCamera.m */ = {isa = PBXFileReference; fileEncoding = 4; lastKnownFileType = sourcecode.c.objc; path = ComponentCamera.m; sourceTree = "<group>"; };
		B34B2DDE18F475EE007B82C4 /* GPEntitySelector.h */ = {isa = PBXFileReference; fileEncoding = 4; lastKnownFileType = sourcecode.c.h; path = GPEntitySelector.h; sourceTree = "<group>"; };
		B34B2DDF18F475EE007B82C4 /* GPEntitySelector.m */ = {isa = PBXFileReference; fileEncoding = 4; lastKnownFileType = sourcecode.c.objc; path = GPEntitySelector.m; sourceTree = "<group>"; };
		B34B2DE118F47E17007B82C4 /* GPSelectorRules.h */ = {isa = PBXFileReference; fileEncoding = 4; lastKnownFileType = sourcecode.c.h; path = GPSelectorRules.h; sourceTree = "<group>"; };
		B34B2DE218F47E17007B82C4 /* GPSelectorRules.m */ = {isa = PBXFileReference; fileEncoding = 4; lastKnownFileType = sourcecode.c.objc; path = GPSelectorRules.m; sourceTree = "<group>"; };
		B35DDF9F18F5D11A0079F74D /* ComponentHealth.h */ = {isa = PBXFileReference; fileEncoding = 4; lastKnownFileType = sourcecode.c.h; path = ComponentHealth.h; sourceTree = "<group>"; };
		B35DDFA018F5D11A0079F74D /* ComponentHealth.m */ = {isa = PBXFileReference; fileEncoding = 4; lastKnownFileType = sourcecode.c.objc; path = ComponentHealth.m; sourceTree = "<group>"; };
		B35DDFA218F5D9970079F74D /* CommonImports.h */ = {isa = PBXFileReference; lastKnownFileType = sourcecode.c.h; path = CommonImports.h; sourceTree = "<group>"; };
		B35DDFA318F5DE580079F74D /* SystemHealthIndicator.h */ = {isa = PBXFileReference; fileEncoding = 4; lastKnownFileType = sourcecode.c.h; path = SystemHealthIndicator.h; sourceTree = "<group>"; };
		B35DDFA418F5DE580079F74D /* SystemHealthIndicator.m */ = {isa = PBXFileReference; fileEncoding = 4; lastKnownFileType = sourcecode.c.objc; path = SystemHealthIndicator.m; sourceTree = "<group>"; };
		B35DDFA618F5E4FF0079F74D /* ComponentHealthIndicator.h */ = {isa = PBXFileReference; fileEncoding = 4; lastKnownFileType = sourcecode.c.h; path = ComponentHealthIndicator.h; sourceTree = "<group>"; };
		B35DDFA718F5E4FF0079F74D /* ComponentHealthIndicator.m */ = {isa = PBXFileReference; fileEncoding = 4; lastKnownFileType = sourcecode.c.objc; path = ComponentHealthIndicator.m; sourceTree = "<group>"; };
		FC3F738E18FF03AF00949342 /* player.png */ = {isa = PBXFileReference; lastKnownFileType = image.png; path = player.png; sourceTree = "<group>"; };
		FC3F738F18FF03AF00949342 /* tile-grass.png */ = {isa = PBXFileReference; lastKnownFileType = image.png; path = "tile-grass.png"; sourceTree = "<group>"; };
		FC3F73BF18FF143500949342 /* Tiles.fla */ = {isa = PBXFileReference; lastKnownFileType = file; path = Tiles.fla; sourceTree = "<group>"; };
		FC3F73C618FF24E900949342 /* dragon.atlas */ = {isa = PBXFileReference; lastKnownFileType = folder.skatlas; path = dragon.atlas; sourceTree = "<group>"; };
		FC66C37618FDB7C00015062B /* dpad.png */ = {isa = PBXFileReference; lastKnownFileType = image.png; path = dpad.png; sourceTree = "<group>"; };
/* End PBXFileReference section */

/* Begin PBXFrameworksBuildPhase section */
		B32AE32318F465CB006F8635 /* Frameworks */ = {
			isa = PBXFrameworksBuildPhase;
			buildActionMask = 2147483647;
			files = (
				B32AE32C18F465CB006F8635 /* CoreGraphics.framework in Frameworks */,
				B32AE32E18F465CB006F8635 /* UIKit.framework in Frameworks */,
				B32AE33018F465CC006F8635 /* SpriteKit.framework in Frameworks */,
				B32AE32A18F465CB006F8635 /* Foundation.framework in Frameworks */,
			);
			runOnlyForDeploymentPostprocessing = 0;
		};
		B32AE34E18F465CC006F8635 /* Frameworks */ = {
			isa = PBXFrameworksBuildPhase;
			buildActionMask = 2147483647;
			files = (
				B32AE35318F465CC006F8635 /* XCTest.framework in Frameworks */,
				B32AE35518F465CC006F8635 /* UIKit.framework in Frameworks */,
				B32AE35418F465CC006F8635 /* Foundation.framework in Frameworks */,
			);
			runOnlyForDeploymentPostprocessing = 0;
		};
/* End PBXFrameworksBuildPhase section */

/* Begin PBXGroup section */
		5E8A846818FDABA90081583D /* Images */ = {
			isa = PBXGroup;
			children = (
				FC3F73C618FF24E900949342 /* dragon.atlas */,
				5E8A846918FDABFA0081583D /* dpad.fla */,
				FC3F73BF18FF143500949342 /* Tiles.fla */,
				FC66C37618FDB7C00015062B /* dpad.png */,
				FC3F738E18FF03AF00949342 /* player.png */,
				FC3F738F18FF03AF00949342 /* tile-grass.png */,
			);
			name = Images;
			sourceTree = "<group>";
		};
		5E8A846D18FDC5960081583D /* Singletons */ = {
			isa = PBXGroup;
			children = (
				5E8A846E18FDC6110081583D /* GameData.h */,
				5E8A846F18FDC6110081583D /* GameData.m */,
			);
			name = Singletons;
			sourceTree = "<group>";
		};
		B32AE31D18F465CB006F8635 = {
			isa = PBXGroup;
			children = (
				B32AE33118F465CC006F8635 /* GamePrototype */,
				B32AE35818F465CC006F8635 /* GamePrototypeTests */,
				B32AE32818F465CB006F8635 /* Frameworks */,
				B32AE32718F465CB006F8635 /* Products */,
			);
			sourceTree = "<group>";
		};
		B32AE32718F465CB006F8635 /* Products */ = {
			isa = PBXGroup;
			children = (
				B32AE32618F465CB006F8635 /* GamePrototype.app */,
				B32AE35118F465CC006F8635 /* GamePrototypeTests.xctest */,
			);
			name = Products;
			sourceTree = "<group>";
		};
		B32AE32818F465CB006F8635 /* Frameworks */ = {
			isa = PBXGroup;
			children = (
				B32AE32918F465CB006F8635 /* Foundation.framework */,
				B32AE32B18F465CB006F8635 /* CoreGraphics.framework */,
				B32AE32D18F465CB006F8635 /* UIKit.framework */,
				B32AE32F18F465CC006F8635 /* SpriteKit.framework */,
				B32AE35218F465CC006F8635 /* XCTest.framework */,
			);
			name = Frameworks;
			sourceTree = "<group>";
		};
		B32AE33118F465CC006F8635 /* GamePrototype */ = {
			isa = PBXGroup;
			children = (
				5E8A846D18FDC5960081583D /* Singletons */,
				5E8A846818FDABA90081583D /* Images */,
				B32B9BBB18FDA02300BF4B2C /* iPad */,
				B34B2DDD18F470E7007B82C4 /* Engine */,
				B32AE37618F4702C006F8635 /* Systems */,
				B32AE37518F47027006F8635 /* Components */,
				B35DDFA218F5D9970079F74D /* CommonImports.h */,
				B32AE33A18F465CC006F8635 /* AppDelegate.h */,
				B32AE33B18F465CC006F8635 /* AppDelegate.m */,
				B32AE33D18F465CC006F8635 /* Main_iPhone.storyboard */,
				B32AE34018F465CC006F8635 /* Main_iPad.storyboard */,
				B32AE34318F465CC006F8635 /* ViewController.h */,
				B32AE34418F465CC006F8635 /* ViewController.m */,
				B32AE34618F465CC006F8635 /* MyScene.h */,
				B32AE34718F465CC006F8635 /* MyScene.m */,
				5E4A15C418FC66B80000BC5A /* WorldMap.h */,
				5E4A15C518FC66B80000BC5A /* WorldMap.m */,
				B32AE34B18F465CC006F8635 /* Images.xcassets */,
				B32AE33218F465CC006F8635 /* Supporting Files */,
			);
			path = GamePrototype;
			sourceTree = "<group>";
		};
		B32AE33218F465CC006F8635 /* Supporting Files */ = {
			isa = PBXGroup;
			children = (
				B32AE33318F465CC006F8635 /* GamePrototype-Info.plist */,
				B32AE33418F465CC006F8635 /* InfoPlist.strings */,
				B32AE33718F465CC006F8635 /* main.m */,
				B32AE33918F465CC006F8635 /* GamePrototype-Prefix.pch */,
			);
			name = "Supporting Files";
			sourceTree = "<group>";
		};
		B32AE35818F465CC006F8635 /* GamePrototypeTests */ = {
			isa = PBXGroup;
			children = (
				B32AE35E18F465CC006F8635 /* GamePrototypeTests.m */,
				B32AE35918F465CC006F8635 /* Supporting Files */,
			);
			path = GamePrototypeTests;
			sourceTree = "<group>";
		};
		B32AE35918F465CC006F8635 /* Supporting Files */ = {
			isa = PBXGroup;
			children = (
				B32AE35A18F465CC006F8635 /* GamePrototypeTests-Info.plist */,
				B32AE35B18F465CC006F8635 /* InfoPlist.strings */,
			);
			name = "Supporting Files";
			sourceTree = "<group>";
		};
		B32AE37518F47027006F8635 /* Components */ = {
			isa = PBXGroup;
			children = (
				B32DB96018F4959E001ECCD2 /* ComponentDraggableAttack.h */,
				B32DB96118F4959E001ECCD2 /* ComponentDraggableAttack.m */,
				B35DDF9F18F5D11A0079F74D /* ComponentHealth.h */,
				B35DDFA018F5D11A0079F74D /* ComponentHealth.m */,
				B35DDFA618F5E4FF0079F74D /* ComponentHealthIndicator.h */,
				B35DDFA718F5E4FF0079F74D /* ComponentHealthIndicator.m */,
				B32B9BBC18FDA34800BF4B2C /* ComponentMapaGrid.h */,
				B32B9BBD18FDA34800BF4B2C /* ComponentMapaGrid.m */,
				B32E643918FEF58400040D47 /* ComponentMovement.h */,
				B32E643A18FEF58400040D47 /* ComponentMovement.m */,
				B32E644418FF099F00040D47 /* ComponentCamera.h */,
				B32E644518FF099F00040D47 /* ComponentCamera.m */,
			);
			name = Components;
			sourceTree = "<group>";
		};
		B32AE37618F4702C006F8635 /* Systems */ = {
			isa = PBXGroup;
			children = (
				B32DB95D18F49557001ECCD2 /* SystemAttackDrag.h */,
				B32DB95E18F49557001ECCD2 /* SystemAttackDrag.m */,
				B35DDFA318F5DE580079F74D /* SystemHealthIndicator.h */,
				B35DDFA418F5DE580079F74D /* SystemHealthIndicator.m */,
				5E4A15CB18FC7A0C0000BC5A /* SystemMovimentoAndar.h */,
				5E4A15CC18FC7A0C0000BC5A /* SystemMovimentoAndar.m */,
				B32B9BBF18FDB68A00BF4B2C /* SystemMap.h */,
				B32B9BC018FDB68A00BF4B2C /* SystemMap.m */,
				B32E643C18FEF66700040D47 /* SystemMapMovement.h */,
				B32E643D18FEF66700040D47 /* SystemMapMovement.m */,
				B32E644118FF098900040D47 /* SystemCamera.h */,
				B32E644218FF098900040D47 /* SystemCamera.m */,
			);
			name = Systems;
			sourceTree = "<group>";
		};
		B32B9BBB18FDA02300BF4B2C /* iPad */ = {
			isa = PBXGroup;
			children = (
			);
			name = iPad;
			sourceTree = "<group>";
		};
		B34B2DDD18F470E7007B82C4 /* Engine */ = {
			isa = PBXGroup;
			children = (
				B32AE36F18F46B35006F8635 /* GPSystem.h */,
				B32AE37018F46B35006F8635 /* GPSystem.m */,
				B32AE36C18F467E3006F8635 /* GPComponent.h */,
				B32AE36D18F467E3006F8635 /* GPComponent.m */,
				B32AE36918F46736006F8635 /* GPEntity.h */,
				B32AE36A18F46736006F8635 /* GPEntity.m */,
				B32AE37218F46BB2006F8635 /* GPGameScene.h */,
				B32AE37318F46BB2006F8635 /* GPGameScene.m */,
				B34B2DDE18F475EE007B82C4 /* GPEntitySelector.h */,
				B34B2DDF18F475EE007B82C4 /* GPEntitySelector.m */,
				B34B2DE118F47E17007B82C4 /* GPSelectorRules.h */,
				B34B2DE218F47E17007B82C4 /* GPSelectorRules.m */,
				B32DB95C18F48DA4001ECCD2 /* GamePrototype.h */,
			);
			name = Engine;
			sourceTree = "<group>";
		};
/* End PBXGroup section */

/* Begin PBXNativeTarget section */
		B32AE32518F465CB006F8635 /* GamePrototype */ = {
			isa = PBXNativeTarget;
			buildConfigurationList = B32AE36218F465CC006F8635 /* Build configuration list for PBXNativeTarget "GamePrototype" */;
			buildPhases = (
				B32AE32218F465CB006F8635 /* Sources */,
				B32AE32318F465CB006F8635 /* Frameworks */,
				B32AE32418F465CB006F8635 /* Resources */,
			);
			buildRules = (
			);
			dependencies = (
			);
			name = GamePrototype;
			productName = GamePrototype;
			productReference = B32AE32618F465CB006F8635 /* GamePrototype.app */;
			productType = "com.apple.product-type.application";
		};
		B32AE35018F465CC006F8635 /* GamePrototypeTests */ = {
			isa = PBXNativeTarget;
			buildConfigurationList = B32AE36518F465CC006F8635 /* Build configuration list for PBXNativeTarget "GamePrototypeTests" */;
			buildPhases = (
				B32AE34D18F465CC006F8635 /* Sources */,
				B32AE34E18F465CC006F8635 /* Frameworks */,
				B32AE34F18F465CC006F8635 /* Resources */,
			);
			buildRules = (
			);
			dependencies = (
				B32AE35718F465CC006F8635 /* PBXTargetDependency */,
			);
			name = GamePrototypeTests;
			productName = GamePrototypeTests;
			productReference = B32AE35118F465CC006F8635 /* GamePrototypeTests.xctest */;
			productType = "com.apple.product-type.bundle.unit-test";
		};
/* End PBXNativeTarget section */

/* Begin PBXProject section */
		B32AE31E18F465CB006F8635 /* Project object */ = {
			isa = PBXProject;
			attributes = {
				LastUpgradeCheck = 0510;
				ORGANIZATIONNAME = "LUIZ FERNANDO SILVA";
				TargetAttributes = {
					B32AE32518F465CB006F8635 = {
						DevelopmentTeam = A6UF8D555U;
					};
					B32AE35018F465CC006F8635 = {
						TestTargetID = B32AE32518F465CB006F8635;
					};
				};
			};
			buildConfigurationList = B32AE32118F465CB006F8635 /* Build configuration list for PBXProject "GamePrototype" */;
			compatibilityVersion = "Xcode 3.2";
			developmentRegion = English;
			hasScannedForEncodings = 0;
			knownRegions = (
				en,
				Base,
			);
			mainGroup = B32AE31D18F465CB006F8635;
			productRefGroup = B32AE32718F465CB006F8635 /* Products */;
			projectDirPath = "";
			projectRoot = "";
			targets = (
				B32AE32518F465CB006F8635 /* GamePrototype */,
				B32AE35018F465CC006F8635 /* GamePrototypeTests */,
			);
		};
/* End PBXProject section */

/* Begin PBXResourcesBuildPhase section */
		B32AE32418F465CB006F8635 /* Resources */ = {
			isa = PBXResourcesBuildPhase;
			buildActionMask = 2147483647;
			files = (
				FC3F739018FF03AF00949342 /* player.png in Resources */,
				B32AE34C18F465CC006F8635 /* Images.xcassets in Resources */,
				5E8A846B18FDABFA0081583D /* dpad.fla in Resources */,
				FC66C37718FDB7C00015062B /* dpad.png in Resources */,
				FC3F739118FF03AF00949342 /* tile-grass.png in Resources */,
				FC3F73C718FF24E900949342 /* dragon.atlas in Resources */,
				B32AE34218F465CC006F8635 /* Main_iPad.storyboard in Resources */,
				B32AE33F18F465CC006F8635 /* Main_iPhone.storyboard in Resources */,
				B32AE33618F465CC006F8635 /* InfoPlist.strings in Resources */,
			);
			runOnlyForDeploymentPostprocessing = 0;
		};
		B32AE34F18F465CC006F8635 /* Resources */ = {
			isa = PBXResourcesBuildPhase;
			buildActionMask = 2147483647;
			files = (
				B32AE35D18F465CC006F8635 /* InfoPlist.strings in Resources */,
			);
			runOnlyForDeploymentPostprocessing = 0;
		};
/* End PBXResourcesBuildPhase section */

/* Begin PBXSourcesBuildPhase section */
		B32AE32218F465CB006F8635 /* Sources */ = {
			isa = PBXSourcesBuildPhase;
			buildActionMask = 2147483647;
			files = (
				B34B2DE018F475EE007B82C4 /* GPEntitySelector.m in Sources */,
				5E8A847018FDC6110081583D /* GameData.m in Sources */,
				B32DB96218F4959E001ECCD2 /* ComponentDraggableAttack.m in Sources */,
				B32AE37118F46B35006F8635 /* GPSystem.m in Sources */,
				B32E643E18FEF66700040D47 /* SystemMapMovement.m in Sources */,
				B32AE36B18F46736006F8635 /* GPEntity.m in Sources */,
				B32DB95F18F49557001ECCD2 /* SystemAttackDrag.m in Sources */,
				B32E643B18FEF58400040D47 /* ComponentMovement.m in Sources */,
				B32E644618FF099F00040D47 /* ComponentCamera.m in Sources */,
				B32AE34818F465CC006F8635 /* MyScene.m in Sources */,
				B32AE34518F465CC006F8635 /* ViewController.m in Sources */,
				5E4A15CD18FC7A0C0000BC5A /* SystemMovimentoAndar.m in Sources */,
				B32B9BBE18FDA34800BF4B2C /* ComponentMapaGrid.m in Sources */,
				B34B2DE318F47E17007B82C4 /* GPSelectorRules.m in Sources */,
				B32AE36E18F467E3006F8635 /* GPComponent.m in Sources */,
				B32E644318FF098900040D47 /* SystemCamera.m in Sources */,
				B32AE33C18F465CC006F8635 /* AppDelegate.m in Sources */,
				B35DDFA518F5DE580079F74D /* SystemHealthIndicator.m in Sources */,
				5E4A15C618FC66B80000BC5A /* WorldMap.m in Sources */,
				B35DDFA118F5D11A0079F74D /* ComponentHealth.m in Sources */,
				B32B9BC118FDB68A00BF4B2C /* SystemMap.m in Sources */,
				B32AE37418F46BB2006F8635 /* GPGameScene.m in Sources */,
				B35DDFA818F5E4FF0079F74D /* ComponentHealthIndicator.m in Sources */,
				B32AE33818F465CC006F8635 /* main.m in Sources */,
			);
			runOnlyForDeploymentPostprocessing = 0;
		};
		B32AE34D18F465CC006F8635 /* Sources */ = {
			isa = PBXSourcesBuildPhase;
			buildActionMask = 2147483647;
			files = (
				B32AE35F18F465CC006F8635 /* GamePrototypeTests.m in Sources */,
			);
			runOnlyForDeploymentPostprocessing = 0;
		};
/* End PBXSourcesBuildPhase section */

/* Begin PBXTargetDependency section */
		B32AE35718F465CC006F8635 /* PBXTargetDependency */ = {
			isa = PBXTargetDependency;
			target = B32AE32518F465CB006F8635 /* GamePrototype */;
			targetProxy = B32AE35618F465CC006F8635 /* PBXContainerItemProxy */;
		};
/* End PBXTargetDependency section */

/* Begin PBXVariantGroup section */
		B32AE33418F465CC006F8635 /* InfoPlist.strings */ = {
			isa = PBXVariantGroup;
			children = (
				B32AE33518F465CC006F8635 /* en */,
			);
			name = InfoPlist.strings;
			sourceTree = "<group>";
		};
		B32AE33D18F465CC006F8635 /* Main_iPhone.storyboard */ = {
			isa = PBXVariantGroup;
			children = (
				B32AE33E18F465CC006F8635 /* Base */,
			);
			name = Main_iPhone.storyboard;
			sourceTree = "<group>";
		};
		B32AE34018F465CC006F8635 /* Main_iPad.storyboard */ = {
			isa = PBXVariantGroup;
			children = (
				B32AE34118F465CC006F8635 /* Base */,
			);
			name = Main_iPad.storyboard;
			sourceTree = "<group>";
		};
		B32AE35B18F465CC006F8635 /* InfoPlist.strings */ = {
			isa = PBXVariantGroup;
			children = (
				B32AE35C18F465CC006F8635 /* en */,
			);
			name = InfoPlist.strings;
			sourceTree = "<group>";
		};
/* End PBXVariantGroup section */

/* Begin XCBuildConfiguration section */
		B32AE36018F465CC006F8635 /* Debug */ = {
			isa = XCBuildConfiguration;
			buildSettings = {
				ALWAYS_SEARCH_USER_PATHS = NO;
				CLANG_CXX_LANGUAGE_STANDARD = "gnu++0x";
				CLANG_CXX_LIBRARY = "libc++";
				CLANG_ENABLE_MODULES = YES;
				CLANG_ENABLE_OBJC_ARC = YES;
				CLANG_WARN_BOOL_CONVERSION = YES;
				CLANG_WARN_CONSTANT_CONVERSION = YES;
				CLANG_WARN_DIRECT_OBJC_ISA_USAGE = YES_ERROR;
				CLANG_WARN_EMPTY_BODY = YES;
				CLANG_WARN_ENUM_CONVERSION = YES;
				CLANG_WARN_INT_CONVERSION = YES;
				CLANG_WARN_OBJC_ROOT_CLASS = YES_ERROR;
				CLANG_WARN__DUPLICATE_METHOD_MATCH = YES;
				"CODE_SIGN_IDENTITY[sdk=iphoneos*]" = "iPhone Developer";
				COPY_PHASE_STRIP = NO;
				GCC_C_LANGUAGE_STANDARD = gnu99;
				GCC_DYNAMIC_NO_PIC = NO;
				GCC_OPTIMIZATION_LEVEL = 0;
				GCC_PREPROCESSOR_DEFINITIONS = (
					"DEBUG=1",
					"$(inherited)",
				);
				GCC_SYMBOLS_PRIVATE_EXTERN = NO;
				GCC_WARN_64_TO_32_BIT_CONVERSION = YES;
				GCC_WARN_ABOUT_RETURN_TYPE = YES_ERROR;
				GCC_WARN_UNDECLARED_SELECTOR = YES;
				GCC_WARN_UNINITIALIZED_AUTOS = YES;
				GCC_WARN_UNUSED_FUNCTION = YES;
				GCC_WARN_UNUSED_VARIABLE = YES;
				IPHONEOS_DEPLOYMENT_TARGET = 7.0;
				ONLY_ACTIVE_ARCH = YES;
				SDKROOT = iphoneos;
				TARGETED_DEVICE_FAMILY = "1,2";
			};
			name = Debug;
		};
		B32AE36118F465CC006F8635 /* Release */ = {
			isa = XCBuildConfiguration;
			buildSettings = {
				ALWAYS_SEARCH_USER_PATHS = NO;
				CLANG_CXX_LANGUAGE_STANDARD = "gnu++0x";
				CLANG_CXX_LIBRARY = "libc++";
				CLANG_ENABLE_MODULES = YES;
				CLANG_ENABLE_OBJC_ARC = YES;
				CLANG_WARN_BOOL_CONVERSION = YES;
				CLANG_WARN_CONSTANT_CONVERSION = YES;
				CLANG_WARN_DIRECT_OBJC_ISA_USAGE = YES_ERROR;
				CLANG_WARN_EMPTY_BODY = YES;
				CLANG_WARN_ENUM_CONVERSION = YES;
				CLANG_WARN_INT_CONVERSION = YES;
				CLANG_WARN_OBJC_ROOT_CLASS = YES_ERROR;
				CLANG_WARN__DUPLICATE_METHOD_MATCH = YES;
				"CODE_SIGN_IDENTITY[sdk=iphoneos*]" = "iPhone Developer";
				COPY_PHASE_STRIP = YES;
				ENABLE_NS_ASSERTIONS = NO;
				GCC_C_LANGUAGE_STANDARD = gnu99;
				GCC_WARN_64_TO_32_BIT_CONVERSION = YES;
				GCC_WARN_ABOUT_RETURN_TYPE = YES_ERROR;
				GCC_WARN_UNDECLARED_SELECTOR = YES;
				GCC_WARN_UNINITIALIZED_AUTOS = YES;
				GCC_WARN_UNUSED_FUNCTION = YES;
				GCC_WARN_UNUSED_VARIABLE = YES;
				IPHONEOS_DEPLOYMENT_TARGET = 7.0;
				SDKROOT = iphoneos;
				TARGETED_DEVICE_FAMILY = "1,2";
				VALIDATE_PRODUCT = YES;
			};
			name = Release;
		};
		B32AE36318F465CC006F8635 /* Debug */ = {
			isa = XCBuildConfiguration;
			buildSettings = {
				ASSETCATALOG_COMPILER_APPICON_NAME = AppIcon;
				ASSETCATALOG_COMPILER_LAUNCHIMAGE_NAME = LaunchImage;
				CODE_SIGN_IDENTITY = "iPhone Developer";
				"CODE_SIGN_IDENTITY[sdk=iphoneos*]" = "iPhone Developer";
				GCC_PRECOMPILE_PREFIX_HEADER = YES;
				GCC_PREFIX_HEADER = "GamePrototype/GamePrototype-Prefix.pch";
				INFOPLIST_FILE = "GamePrototype/GamePrototype-Info.plist";
				IPHONEOS_DEPLOYMENT_TARGET = 7.1;
				PRODUCT_NAME = "$(TARGET_NAME)";
				PROVISIONING_PROFILE = "";
				SPRITEKIT_TEXTURE_ATLAS_OUTPUT = YES;
				TARGETED_DEVICE_FAMILY = "1,2";
				WRAPPER_EXTENSION = app;
			};
			name = Debug;
		};
		B32AE36418F465CC006F8635 /* Release */ = {
			isa = XCBuildConfiguration;
			buildSettings = {
				ASSETCATALOG_COMPILER_APPICON_NAME = AppIcon;
				ASSETCATALOG_COMPILER_LAUNCHIMAGE_NAME = LaunchImage;
				CODE_SIGN_IDENTITY = "iPhone Developer";
				"CODE_SIGN_IDENTITY[sdk=iphoneos*]" = "iPhone Developer";
				GCC_PRECOMPILE_PREFIX_HEADER = YES;
				GCC_PREFIX_HEADER = "GamePrototype/GamePrototype-Prefix.pch";
				INFOPLIST_FILE = "GamePrototype/GamePrototype-Info.plist";
				IPHONEOS_DEPLOYMENT_TARGET = 7.1;
				PRODUCT_NAME = "$(TARGET_NAME)";
				PROVISIONING_PROFILE = "";
				SPRITEKIT_TEXTURE_ATLAS_OUTPUT = YES;
				TARGETED_DEVICE_FAMILY = "1,2";
				WRAPPER_EXTENSION = app;
			};
			name = Release;
		};
		B32AE36618F465CC006F8635 /* Debug */ = {
			isa = XCBuildConfiguration;
			buildSettings = {
				BUNDLE_LOADER = "$(BUILT_PRODUCTS_DIR)/GamePrototype.app/GamePrototype";
				FRAMEWORK_SEARCH_PATHS = (
					"$(SDKROOT)/Developer/Library/Frameworks",
					"$(inherited)",
					"$(DEVELOPER_FRAMEWORKS_DIR)",
				);
				GCC_PRECOMPILE_PREFIX_HEADER = YES;
				GCC_PREFIX_HEADER = "GamePrototype/GamePrototype-Prefix.pch";
				GCC_PREPROCESSOR_DEFINITIONS = (
					"DEBUG=1",
					"$(inherited)",
				);
				INFOPLIST_FILE = "GamePrototypeTests/GamePrototypeTests-Info.plist";
				PRODUCT_NAME = "$(TARGET_NAME)";
				TEST_HOST = "$(BUNDLE_LOADER)";
				WRAPPER_EXTENSION = xctest;
			};
			name = Debug;
		};
		B32AE36718F465CC006F8635 /* Release */ = {
			isa = XCBuildConfiguration;
			buildSettings = {
				BUNDLE_LOADER = "$(BUILT_PRODUCTS_DIR)/GamePrototype.app/GamePrototype";
				FRAMEWORK_SEARCH_PATHS = (
					"$(SDKROOT)/Developer/Library/Frameworks",
					"$(inherited)",
					"$(DEVELOPER_FRAMEWORKS_DIR)",
				);
				GCC_PRECOMPILE_PREFIX_HEADER = YES;
				GCC_PREFIX_HEADER = "GamePrototype/GamePrototype-Prefix.pch";
				INFOPLIST_FILE = "GamePrototypeTests/GamePrototypeTests-Info.plist";
				PRODUCT_NAME = "$(TARGET_NAME)";
				TEST_HOST = "$(BUNDLE_LOADER)";
				WRAPPER_EXTENSION = xctest;
			};
			name = Release;
		};
/* End XCBuildConfiguration section */

/* Begin XCConfigurationList section */
		B32AE32118F465CB006F8635 /* Build configuration list for PBXProject "GamePrototype" */ = {
			isa = XCConfigurationList;
			buildConfigurations = (
				B32AE36018F465CC006F8635 /* Debug */,
				B32AE36118F465CC006F8635 /* Release */,
			);
			defaultConfigurationIsVisible = 0;
			defaultConfigurationName = Release;
		};
		B32AE36218F465CC006F8635 /* Build configuration list for PBXNativeTarget "GamePrototype" */ = {
			isa = XCConfigurationList;
			buildConfigurations = (
				B32AE36318F465CC006F8635 /* Debug */,
				B32AE36418F465CC006F8635 /* Release */,
			);
			defaultConfigurationIsVisible = 0;
			defaultConfigurationName = Release;
		};
		B32AE36518F465CC006F8635 /* Build configuration list for PBXNativeTarget "GamePrototypeTests" */ = {
			isa = XCConfigurationList;
			buildConfigurations = (
				B32AE36618F465CC006F8635 /* Debug */,
				B32AE36718F465CC006F8635 /* Release */,
			);
			defaultConfigurationIsVisible = 0;
			defaultConfigurationName = Release;
		};
/* End XCConfigurationList section */
	};
	rootObject = B32AE31E18F465CB006F8635 /* Project object */;
}
