// !$*UTF8*$!
{
	archiveVersion = 1;
	classes = {
	};
	objectVersion = 46;
	objects = {

/* Begin PBXBuildFile section */
		5E44346119083C3600EBA273 /* HomemMorrendo3.wav in Resources */ = {isa = PBXBuildFile; fileRef = 5E44345E19083C3600EBA273 /* HomemMorrendo3.wav */; };
		5E44346219083C3600EBA273 /* HomemMorrendo2.wav in Resources */ = {isa = PBXBuildFile; fileRef = 5E44345F19083C3600EBA273 /* HomemMorrendo2.wav */; };
		5E44346319083C3600EBA273 /* HomemMorrendo1.wav in Resources */ = {isa = PBXBuildFile; fileRef = 5E44346019083C3600EBA273 /* HomemMorrendo1.wav */; };
		5E44346519083F1800EBA273 /* DragaoMorrendo.wav in Resources */ = {isa = PBXBuildFile; fileRef = 5E44346419083F1800EBA273 /* DragaoMorrendo.wav */; };
		5E443467190841A900EBA273 /* fireBall.wav in Resources */ = {isa = PBXBuildFile; fileRef = 5E443466190841A900EBA273 /* fireBall.wav */; };
		5E4434691908435300EBA273 /* Explosao.wav in Resources */ = {isa = PBXBuildFile; fileRef = 5E4434681908435300EBA273 /* Explosao.wav */; };
		5E44346B19084EA600EBA273 /* Espada.wav in Resources */ = {isa = PBXBuildFile; fileRef = 5E44346A19084EA600EBA273 /* Espada.wav */; };
		5E44346F190853EA00EBA273 /* Som.m in Sources */ = {isa = PBXBuildFile; fileRef = 5E44346E190853EA00EBA273 /* Som.m */; };
		5E4A15C618FC66B80000BC5A /* WorldMap.m in Sources */ = {isa = PBXBuildFile; fileRef = 5E4A15C518FC66B80000BC5A /* WorldMap.m */; };
		5E4A15CD18FC7A0C0000BC5A /* SystemMovimentoAndar.m in Sources */ = {isa = PBXBuildFile; fileRef = 5E4A15CC18FC7A0C0000BC5A /* SystemMovimentoAndar.m */; };
		5E6CB578190985AD00C05DED /* BatalhaMusica.wav in Resources */ = {isa = PBXBuildFile; fileRef = 5E6CB577190985AD00C05DED /* BatalhaMusica.wav */; };
		5E6CB57A1909862800C05DED /* gameOver.wav in Resources */ = {isa = PBXBuildFile; fileRef = 5E6CB5791909862800C05DED /* gameOver.wav */; };
		5E6CB57C1909879200C05DED /* MundoMusica.wav in Resources */ = {isa = PBXBuildFile; fileRef = 5E6CB57B1909879200C05DED /* MundoMusica.wav */; };
		5E6CB57E190987CC00C05DED /* Vitoria.wav in Resources */ = {isa = PBXBuildFile; fileRef = 5E6CB57D190987CC00C05DED /* Vitoria.wav */; };
		5E6CB65C1909908C00C05DED /* Score.m in Sources */ = {isa = PBXBuildFile; fileRef = 5E6CB65B1909908C00C05DED /* Score.m */; };
		5E6CB65F190990F400C05DED /* Ranking.m in Sources */ = {isa = PBXBuildFile; fileRef = 5E6CB65E190990F400C05DED /* Ranking.m */; };
		5E6CB6691909B2AA00C05DED /* ComponentBounty.m in Sources */ = {isa = PBXBuildFile; fileRef = 5E6CB6681909B2AA00C05DED /* ComponentBounty.m */; };
		5E7214B0190AD07700678908 /* SceneMenu.m in Sources */ = {isa = PBXBuildFile; fileRef = 5E7214AF190AD07700678908 /* SceneMenu.m */; };
		5E7214B3190AE24800678908 /* SceneRanking.m in Sources */ = {isa = PBXBuildFile; fileRef = 5E7214B2190AE24800678908 /* SceneRanking.m */; };
		5E8A846B18FDABFA0081583D /* dpad.fla in Resources */ = {isa = PBXBuildFile; fileRef = 5E8A846918FDABFA0081583D /* dpad.fla */; };
		5E8A847018FDC6110081583D /* GameData.m in Sources */ = {isa = PBXBuildFile; fileRef = 5E8A846F18FDC6110081583D /* GameData.m */; };
		5EBB788A1906F4CE001D961C /* background.psd in Resources */ = {isa = PBXBuildFile; fileRef = 5EBB78881906F4CE001D961C /* background.psd */; };
		5EBB788B1906F4CE001D961C /* Titulo.png in Resources */ = {isa = PBXBuildFile; fileRef = 5EBB78891906F4CE001D961C /* Titulo.png */; };
		5EBB788D1906F4F1001D961C /* background.png in Resources */ = {isa = PBXBuildFile; fileRef = 5EBB788C1906F4F1001D961C /* background.png */; };
		5EBB788F19070716001D961C /* pleaseTouch.png in Resources */ = {isa = PBXBuildFile; fileRef = 5EBB788E19070716001D961C /* pleaseTouch.png */; };
		A0005D68190433CE003A60F1 /* DSMultilineLabelNode.m in Sources */ = {isa = PBXBuildFile; fileRef = A0005D66190433CE003A60F1 /* DSMultilineLabelNode.m */; };
		A0005D6B19044064003A60F1 /* dragonAvatar.png in Resources */ = {isa = PBXBuildFile; fileRef = A0005D6A19044064003A60F1 /* dragonAvatar.png */; };
		A0105942190F122600B07EBE /* BattleResult.m in Sources */ = {isa = PBXBuildFile; fileRef = A0105941190F122600B07EBE /* BattleResult.m */; };
		A0105945190F209800B07EBE /* SystemMapHud.m in Sources */ = {isa = PBXBuildFile; fileRef = A0105944190F209800B07EBE /* SystemMapHud.m */; };
		A0105948190F230400B07EBE /* GFXBuilder.m in Sources */ = {isa = PBXBuildFile; fileRef = A0105947190F230400B07EBE /* GFXBuilder.m */; };
		A02127E11909F40200D67A8B /* GameController.m in Sources */ = {isa = PBXBuildFile; fileRef = A02127E01909F40200D67A8B /* GameController.m */; };
		A02127E51909F41B00D67A8B /* tile-earthTransitionBot.png in Resources */ = {isa = PBXBuildFile; fileRef = A02127E21909F41B00D67A8B /* tile-earthTransitionBot.png */; };
		A02127E61909F41B00D67A8B /* tile-earthTransitionCorner.png in Resources */ = {isa = PBXBuildFile; fileRef = A02127E31909F41B00D67A8B /* tile-earthTransitionCorner.png */; };
		A02127E71909F41B00D67A8B /* tile-earthTransitionL.png in Resources */ = {isa = PBXBuildFile; fileRef = A02127E41909F41B00D67A8B /* tile-earthTransitionL.png */; };
		A02B81C21902201900D5A417 /* ComponentMapMovement.m in Sources */ = {isa = PBXBuildFile; fileRef = A02B81C11902201900D5A417 /* ComponentMapMovement.m */; };
		A09A05EF190C471200ACEAB8 /* BattleConfig.m in Sources */ = {isa = PBXBuildFile; fileRef = A09A05EE190C471200ACEAB8 /* BattleConfig.m */; };
		A0CF924319DF610800D1011B /* GPEvent.m in Sources */ = {isa = PBXBuildFile; fileRef = A0CF924219DF610800D1011B /* GPEvent.m */; };
		A0CF924619DF611800D1011B /* GPEventDispatcher.m in Sources */ = {isa = PBXBuildFile; fileRef = A0CF924519DF611800D1011B /* GPEventDispatcher.m */; };
		A0D9F61319E1D00A0077CB4A /* BattleAction.m in Sources */ = {isa = PBXBuildFile; fileRef = A0D9F61219E1D00A0077CB4A /* BattleAction.m */; };
		A0D9F61919E1D1270077CB4A /* ActionCollection.m in Sources */ = {isa = PBXBuildFile; fileRef = A0D9F61819E1D1270077CB4A /* ActionCollection.m */; };
		A0D9F61C19E1D3160077CB4A /* ActionBarManager.m in Sources */ = {isa = PBXBuildFile; fileRef = A0D9F61B19E1D3160077CB4A /* ActionBarManager.m */; };
		A0D9F61F19E1D4570077CB4A /* ActionQueueManager.m in Sources */ = {isa = PBXBuildFile; fileRef = A0D9F61E19E1D4570077CB4A /* ActionQueueManager.m */; };
		A0D9F62419E1E4E80077CB4A /* ActionBarView.m in Sources */ = {isa = PBXBuildFile; fileRef = A0D9F62319E1E4E80077CB4A /* ActionBarView.m */; };
		A0D9F62719E1E6570077CB4A /* ActionQueueView.m in Sources */ = {isa = PBXBuildFile; fileRef = A0D9F62619E1E6570077CB4A /* ActionQueueView.m */; };
		A0D9F62A19E1E8BD0077CB4A /* ActionRunTimer.m in Sources */ = {isa = PBXBuildFile; fileRef = A0D9F62919E1E8BD0077CB4A /* ActionRunTimer.m */; };
		A0D9F62D19E1F9AC0077CB4A /* ActionIconView.m in Sources */ = {isa = PBXBuildFile; fileRef = A0D9F62C19E1F9AC0077CB4A /* ActionIconView.m */; };
		B313318A190EF345009C29BA /* TimeBall.atlas in Resources */ = {isa = PBXBuildFile; fileRef = B3133189190EF345009C29BA /* TimeBall.atlas */; };
		B32AE32A18F465CB006F8635 /* Foundation.framework in Frameworks */ = {isa = PBXBuildFile; fileRef = B32AE32918F465CB006F8635 /* Foundation.framework */; };
		B32AE32C18F465CB006F8635 /* CoreGraphics.framework in Frameworks */ = {isa = PBXBuildFile; fileRef = B32AE32B18F465CB006F8635 /* CoreGraphics.framework */; };
		B32AE32E18F465CB006F8635 /* UIKit.framework in Frameworks */ = {isa = PBXBuildFile; fileRef = B32AE32D18F465CB006F8635 /* UIKit.framework */; };
		B32AE33018F465CC006F8635 /* SpriteKit.framework in Frameworks */ = {isa = PBXBuildFile; fileRef = B32AE32F18F465CC006F8635 /* SpriteKit.framework */; };
		B32AE33618F465CC006F8635 /* InfoPlist.strings in Resources */ = {isa = PBXBuildFile; fileRef = B32AE33418F465CC006F8635 /* InfoPlist.strings */; };
		B32AE33818F465CC006F8635 /* main.m in Sources */ = {isa = PBXBuildFile; fileRef = B32AE33718F465CC006F8635 /* main.m */; };
		B32AE33C18F465CC006F8635 /* AppDelegate.m in Sources */ = {isa = PBXBuildFile; fileRef = B32AE33B18F465CC006F8635 /* AppDelegate.m */; };
		B32AE33F18F465CC006F8635 /* Main_iPhone.storyboard in Resources */ = {isa = PBXBuildFile; fileRef = B32AE33D18F465CC006F8635 /* Main_iPhone.storyboard */; };
		B32AE34218F465CC006F8635 /* Main_iPad.storyboard in Resources */ = {isa = PBXBuildFile; fileRef = B32AE34018F465CC006F8635 /* Main_iPad.storyboard */; };
		B32AE34518F465CC006F8635 /* ViewController.m in Sources */ = {isa = PBXBuildFile; fileRef = B32AE34418F465CC006F8635 /* ViewController.m */; };
		B32AE34818F465CC006F8635 /* SceneBattle.m in Sources */ = {isa = PBXBuildFile; fileRef = B32AE34718F465CC006F8635 /* SceneBattle.m */; };
		B32AE34C18F465CC006F8635 /* Images.xcassets in Resources */ = {isa = PBXBuildFile; fileRef = B32AE34B18F465CC006F8635 /* Images.xcassets */; };
		B32AE35318F465CC006F8635 /* XCTest.framework in Frameworks */ = {isa = PBXBuildFile; fileRef = B32AE35218F465CC006F8635 /* XCTest.framework */; };
		B32AE35418F465CC006F8635 /* Foundation.framework in Frameworks */ = {isa = PBXBuildFile; fileRef = B32AE32918F465CB006F8635 /* Foundation.framework */; };
		B32AE35518F465CC006F8635 /* UIKit.framework in Frameworks */ = {isa = PBXBuildFile; fileRef = B32AE32D18F465CB006F8635 /* UIKit.framework */; };
		B32AE35D18F465CC006F8635 /* InfoPlist.strings in Resources */ = {isa = PBXBuildFile; fileRef = B32AE35B18F465CC006F8635 /* InfoPlist.strings */; };
		B32AE35F18F465CC006F8635 /* GamePrototypeTests.m in Sources */ = {isa = PBXBuildFile; fileRef = B32AE35E18F465CC006F8635 /* GamePrototypeTests.m */; };
		B32AE36B18F46736006F8635 /* GPEntity.m in Sources */ = {isa = PBXBuildFile; fileRef = B32AE36A18F46736006F8635 /* GPEntity.m */; };
		B32AE36E18F467E3006F8635 /* GPComponent.m in Sources */ = {isa = PBXBuildFile; fileRef = B32AE36D18F467E3006F8635 /* GPComponent.m */; };
		B32AE37118F46B35006F8635 /* GPSystem.m in Sources */ = {isa = PBXBuildFile; fileRef = B32AE37018F46B35006F8635 /* GPSystem.m */; };
		B32AE37418F46BB2006F8635 /* GPGameScene.m in Sources */ = {isa = PBXBuildFile; fileRef = B32AE37318F46BB2006F8635 /* GPGameScene.m */; };
		B32B9BBE18FDA34800BF4B2C /* ComponentMapaGrid.m in Sources */ = {isa = PBXBuildFile; fileRef = B32B9BBD18FDA34800BF4B2C /* ComponentMapaGrid.m */; };
		B32B9BC118FDB68A00BF4B2C /* SystemMap.m in Sources */ = {isa = PBXBuildFile; fileRef = B32B9BC018FDB68A00BF4B2C /* SystemMap.m */; };
		B32DB95F18F49557001ECCD2 /* SystemBattle.m in Sources */ = {isa = PBXBuildFile; fileRef = B32DB95E18F49557001ECCD2 /* SystemBattle.m */; };
		B32DB96218F4959E001ECCD2 /* ComponentDraggableAttack.m in Sources */ = {isa = PBXBuildFile; fileRef = B32DB96118F4959E001ECCD2 /* ComponentDraggableAttack.m */; };
		B32E643B18FEF58400040D47 /* ComponentMovement.m in Sources */ = {isa = PBXBuildFile; fileRef = B32E643A18FEF58400040D47 /* ComponentMovement.m */; };
		B32E643E18FEF66700040D47 /* SystemMapMovement.m in Sources */ = {isa = PBXBuildFile; fileRef = B32E643D18FEF66700040D47 /* SystemMapMovement.m */; };
		B32E644318FF098900040D47 /* SystemCamera.m in Sources */ = {isa = PBXBuildFile; fileRef = B32E644218FF098900040D47 /* SystemCamera.m */; };
		B32E644618FF099F00040D47 /* ComponentCamera.m in Sources */ = {isa = PBXBuildFile; fileRef = B32E644518FF099F00040D47 /* ComponentCamera.m */; };
		B33EBCC219004F410027882B /* SystemDialog.m in Sources */ = {isa = PBXBuildFile; fileRef = B33EBCC119004F410027882B /* SystemDialog.m */; };
		B33EBCC519004F6B0027882B /* ComponentDialog.m in Sources */ = {isa = PBXBuildFile; fileRef = B33EBCC419004F6B0027882B /* ComponentDialog.m */; };
		B34B2DE018F475EE007B82C4 /* GPEntitySelector.m in Sources */ = {isa = PBXBuildFile; fileRef = B34B2DDF18F475EE007B82C4 /* GPEntitySelector.m */; };
		B34B2DE318F47E17007B82C4 /* GPSelectorRules.m in Sources */ = {isa = PBXBuildFile; fileRef = B34B2DE218F47E17007B82C4 /* GPSelectorRules.m */; };
		B35DDFA118F5D11A0079F74D /* ComponentHealth.m in Sources */ = {isa = PBXBuildFile; fileRef = B35DDFA018F5D11A0079F74D /* ComponentHealth.m */; };
		B35DDFA518F5DE580079F74D /* SystemHealthIndicator.m in Sources */ = {isa = PBXBuildFile; fileRef = B35DDFA418F5DE580079F74D /* SystemHealthIndicator.m */; };
		B35DDFA818F5E4FF0079F74D /* ComponentHealthIndicator.m in Sources */ = {isa = PBXBuildFile; fileRef = B35DDFA718F5E4FF0079F74D /* ComponentHealthIndicator.m */; };
		B38069C11906F0D0006A2294 /* ComponentAIBattle.m in Sources */ = {isa = PBXBuildFile; fileRef = B38069C01906F0D0006A2294 /* ComponentAIBattle.m */; };
		B38069C4190703AE006A2294 /* ComponentBattleState.m in Sources */ = {isa = PBXBuildFile; fileRef = B38069C3190703AE006A2294 /* ComponentBattleState.m */; };
		B3B15DAB190ADD5800E98B92 /* AnimMaker.m in Sources */ = {isa = PBXBuildFile; fileRef = B3B15DAA190ADD5800E98B92 /* AnimMaker.m */; };
		FC141491190AE94F00B398CE /* MenuBG.png in Resources */ = {isa = PBXBuildFile; fileRef = FC14148F190AE94F00B398CE /* MenuBG.png */; };
		FC141495190AF44A00B398CE /* MenuBtnRank.png in Resources */ = {isa = PBXBuildFile; fileRef = FC141493190AF44A00B398CE /* MenuBtnRank.png */; };
		FC141496190AF44A00B398CE /* MenuBtnJogar.png in Resources */ = {isa = PBXBuildFile; fileRef = FC141494190AF44A00B398CE /* MenuBtnJogar.png */; };
		FC141499190AF76E00B398CE /* RankCellBG.png in Resources */ = {isa = PBXBuildFile; fileRef = FC141498190AF76E00B398CE /* RankCellBG.png */; };
		FC14149B190AF90700B398CE /* RankBG.png in Resources */ = {isa = PBXBuildFile; fileRef = FC14149A190AF90700B398CE /* RankBG.png */; };
		FC3F739018FF03AF00949342 /* player.png in Resources */ = {isa = PBXBuildFile; fileRef = FC3F738E18FF03AF00949342 /* player.png */; };
		FC3F73C718FF24E900949342 /* dragon.atlas in Resources */ = {isa = PBXBuildFile; fileRef = FC3F73C618FF24E900949342 /* dragon.atlas */; };
		FC3F73CA18FF280E00949342 /* dpadClicked.png in Resources */ = {isa = PBXBuildFile; fileRef = FC3F73C918FF280E00949342 /* dpadClicked.png */; };
		FC66C37718FDB7C00015062B /* dpad.png in Resources */ = {isa = PBXBuildFile; fileRef = FC66C37618FDB7C00015062B /* dpad.png */; };
		FC7732FD190ECD44008A7E39 /* BtnVoltar.png in Resources */ = {isa = PBXBuildFile; fileRef = FC7732FC190ECD44008A7E39 /* BtnVoltar.png */; };
		FC773306190EDD7C008A7E39 /* tile-grassCanto.png in Resources */ = {isa = PBXBuildFile; fileRef = FC7732FE190EDD7C008A7E39 /* tile-grassCanto.png */; };
		FC773307190EDD7C008A7E39 /* tile-earthBaixo.png in Resources */ = {isa = PBXBuildFile; fileRef = FC7732FF190EDD7C008A7E39 /* tile-earthBaixo.png */; };
		FC773308190EDD7C008A7E39 /* tile-grassL.png in Resources */ = {isa = PBXBuildFile; fileRef = FC773300190EDD7C008A7E39 /* tile-grassL.png */; };
		FC773309190EDD7C008A7E39 /* tile-grassU.png in Resources */ = {isa = PBXBuildFile; fileRef = FC773301190EDD7C008A7E39 /* tile-grassU.png */; };
		FC77330A190EDD7C008A7E39 /* tile-earthU.png in Resources */ = {isa = PBXBuildFile; fileRef = FC773302190EDD7C008A7E39 /* tile-earthU.png */; };
		FC77330B190EDD7C008A7E39 /* tile-earthL.png in Resources */ = {isa = PBXBuildFile; fileRef = FC773303190EDD7C008A7E39 /* tile-earthL.png */; };
		FC77330C190EDD7C008A7E39 /* tile-grassBaixo.png in Resources */ = {isa = PBXBuildFile; fileRef = FC773304190EDD7C008A7E39 /* tile-grassBaixo.png */; };
		FC77330D190EDD7C008A7E39 /* tile-earthCanto.png in Resources */ = {isa = PBXBuildFile; fileRef = FC773305190EDD7C008A7E39 /* tile-earthCanto.png */; };
		FC8E1CD71900711800D24C87 /* tile-earth.png in Resources */ = {isa = PBXBuildFile; fileRef = FC8E1CD51900711800D24C87 /* tile-earth.png */; };
		FC8E1CD81900711800D24C87 /* tile-grass.png in Resources */ = {isa = PBXBuildFile; fileRef = FC8E1CD61900711800D24C87 /* tile-grass.png */; };
		FC8E1CDB1900712200D24C87 /* tile-castle-grass.png in Resources */ = {isa = PBXBuildFile; fileRef = FC8E1CD91900712200D24C87 /* tile-castle-grass.png */; };
		FC8E1CDC1900712200D24C87 /* tile-castle-earth.png in Resources */ = {isa = PBXBuildFile; fileRef = FC8E1CDA1900712200D24C87 /* tile-castle-earth.png */; };
		FC8E1CDF1900712C00D24C87 /* tile-mountain.png in Resources */ = {isa = PBXBuildFile; fileRef = FC8E1CDD1900712C00D24C87 /* tile-mountain.png */; };
		FC8E1CE01900712C00D24C87 /* tile-cave.png in Resources */ = {isa = PBXBuildFile; fileRef = FC8E1CDE1900712C00D24C87 /* tile-cave.png */; };
		FC8FD6E9190838BE00E3DC97 /* earthScene.png in Resources */ = {isa = PBXBuildFile; fileRef = FC8FD6E8190838BE00E3DC97 /* earthScene.png */; };
		FC8FD6EB19083F8500E3DC97 /* water.atlas in Resources */ = {isa = PBXBuildFile; fileRef = FC8FD6EA19083F8500E3DC97 /* water.atlas */; };
		FCCD02781906EFD500FFE9DB /* Knight.png in Resources */ = {isa = PBXBuildFile; fileRef = FCCD02761906EFD500FFE9DB /* Knight.png */; };
		FCCD02791906EFD500FFE9DB /* dragon-perfil.png in Resources */ = {isa = PBXBuildFile; fileRef = FCCD02771906EFD500FFE9DB /* dragon-perfil.png */; };
		FCCD027C1906F15A00FFE9DB /* Knight-portrate.png in Resources */ = {isa = PBXBuildFile; fileRef = FCCD027A1906F15A00FFE9DB /* Knight-portrate.png */; };
		FCCD027D1906F15A00FFE9DB /* dragon-portrate.png in Resources */ = {isa = PBXBuildFile; fileRef = FCCD027B1906F15A00FFE9DB /* dragon-portrate.png */; };
		FCCD02821906F55600FFE9DB /* ataqueFogo.fla in Resources */ = {isa = PBXBuildFile; fileRef = FCCD027F1906F55600FFE9DB /* ataqueFogo.fla */; };
		FCCD02831906F55600FFE9DB /* explosao.png in Resources */ = {isa = PBXBuildFile; fileRef = FCCD02801906F55600FFE9DB /* explosao.png */; };
		FCCD02841906F55600FFE9DB /* bola-de-fogo.png in Resources */ = {isa = PBXBuildFile; fileRef = FCCD02811906F55600FFE9DB /* bola-de-fogo.png */; };
		FCCD028619070F7A00FFE9DB /* gramaScene.png in Resources */ = {isa = PBXBuildFile; fileRef = FCCD028519070F7A00FFE9DB /* gramaScene.png */; };
/* End PBXBuildFile section */

/* Begin PBXContainerItemProxy section */
		B32AE35618F465CC006F8635 /* PBXContainerItemProxy */ = {
			isa = PBXContainerItemProxy;
			containerPortal = B32AE31E18F465CB006F8635 /* Project object */;
			proxyType = 1;
			remoteGlobalIDString = B32AE32518F465CB006F8635;
			remoteInfo = GamePrototype;
		};
/* End PBXContainerItemProxy section */

/* Begin PBXFileReference section */
		5E44345E19083C3600EBA273 /* HomemMorrendo3.wav */ = {isa = PBXFileReference; lastKnownFileType = audio.wav; path = HomemMorrendo3.wav; sourceTree = "<group>"; };
		5E44345F19083C3600EBA273 /* HomemMorrendo2.wav */ = {isa = PBXFileReference; lastKnownFileType = audio.wav; path = HomemMorrendo2.wav; sourceTree = "<group>"; };
		5E44346019083C3600EBA273 /* HomemMorrendo1.wav */ = {isa = PBXFileReference; lastKnownFileType = audio.wav; path = HomemMorrendo1.wav; sourceTree = "<group>"; };
		5E44346419083F1800EBA273 /* DragaoMorrendo.wav */ = {isa = PBXFileReference; lastKnownFileType = audio.wav; path = DragaoMorrendo.wav; sourceTree = "<group>"; };
		5E443466190841A900EBA273 /* fireBall.wav */ = {isa = PBXFileReference; lastKnownFileType = audio.wav; path = fireBall.wav; sourceTree = "<group>"; };
		5E4434681908435300EBA273 /* Explosao.wav */ = {isa = PBXFileReference; lastKnownFileType = audio.wav; path = Explosao.wav; sourceTree = "<group>"; };
		5E44346A19084EA600EBA273 /* Espada.wav */ = {isa = PBXFileReference; lastKnownFileType = audio.wav; path = Espada.wav; sourceTree = "<group>"; };
		5E44346D190853EA00EBA273 /* Som.h */ = {isa = PBXFileReference; fileEncoding = 4; lastKnownFileType = sourcecode.c.h; path = Som.h; sourceTree = "<group>"; };
		5E44346E190853EA00EBA273 /* Som.m */ = {isa = PBXFileReference; fileEncoding = 4; lastKnownFileType = sourcecode.c.objc; path = Som.m; sourceTree = "<group>"; };
		5E4A15C418FC66B80000BC5A /* WorldMap.h */ = {isa = PBXFileReference; fileEncoding = 4; lastKnownFileType = sourcecode.c.h; path = WorldMap.h; sourceTree = "<group>"; };
		5E4A15C518FC66B80000BC5A /* WorldMap.m */ = {isa = PBXFileReference; fileEncoding = 4; lastKnownFileType = sourcecode.c.objc; path = WorldMap.m; sourceTree = "<group>"; };
		5E4A15CB18FC7A0C0000BC5A /* SystemMovimentoAndar.h */ = {isa = PBXFileReference; fileEncoding = 4; lastKnownFileType = sourcecode.c.h; path = SystemMovimentoAndar.h; sourceTree = "<group>"; };
		5E4A15CC18FC7A0C0000BC5A /* SystemMovimentoAndar.m */ = {isa = PBXFileReference; fileEncoding = 4; lastKnownFileType = sourcecode.c.objc; path = SystemMovimentoAndar.m; sourceTree = "<group>"; };
		5E6CB577190985AD00C05DED /* BatalhaMusica.wav */ = {isa = PBXFileReference; lastKnownFileType = audio.wav; path = BatalhaMusica.wav; sourceTree = "<group>"; };
		5E6CB5791909862800C05DED /* gameOver.wav */ = {isa = PBXFileReference; lastKnownFileType = audio.wav; path = gameOver.wav; sourceTree = "<group>"; };
		5E6CB57B1909879200C05DED /* MundoMusica.wav */ = {isa = PBXFileReference; lastKnownFileType = audio.wav; path = MundoMusica.wav; sourceTree = "<group>"; };
		5E6CB57D190987CC00C05DED /* Vitoria.wav */ = {isa = PBXFileReference; lastKnownFileType = audio.wav; path = Vitoria.wav; sourceTree = "<group>"; };
		5E6CB65A1909908C00C05DED /* Score.h */ = {isa = PBXFileReference; fileEncoding = 4; lastKnownFileType = sourcecode.c.h; path = Score.h; sourceTree = "<group>"; };
		5E6CB65B1909908C00C05DED /* Score.m */ = {isa = PBXFileReference; fileEncoding = 4; lastKnownFileType = sourcecode.c.objc; path = Score.m; sourceTree = "<group>"; };
		5E6CB65D190990F400C05DED /* Ranking.h */ = {isa = PBXFileReference; fileEncoding = 4; lastKnownFileType = sourcecode.c.h; path = Ranking.h; sourceTree = "<group>"; };
		5E6CB65E190990F400C05DED /* Ranking.m */ = {isa = PBXFileReference; fileEncoding = 4; lastKnownFileType = sourcecode.c.objc; path = Ranking.m; sourceTree = "<group>"; };
		5E6CB6671909B2A400C05DED /* ComponentBounty.h */ = {isa = PBXFileReference; lastKnownFileType = sourcecode.c.h; path = ComponentBounty.h; sourceTree = "<group>"; };
		5E6CB6681909B2AA00C05DED /* ComponentBounty.m */ = {isa = PBXFileReference; fileEncoding = 4; lastKnownFileType = sourcecode.c.objc; path = ComponentBounty.m; sourceTree = "<group>"; };
		5E7214AE190AD07700678908 /* SceneMenu.h */ = {isa = PBXFileReference; fileEncoding = 4; lastKnownFileType = sourcecode.c.h; path = SceneMenu.h; sourceTree = "<group>"; };
		5E7214AF190AD07700678908 /* SceneMenu.m */ = {isa = PBXFileReference; fileEncoding = 4; lastKnownFileType = sourcecode.c.objc; path = SceneMenu.m; sourceTree = "<group>"; };
		5E7214B1190AE24800678908 /* SceneRanking.h */ = {isa = PBXFileReference; fileEncoding = 4; lastKnownFileType = sourcecode.c.h; path = SceneRanking.h; sourceTree = "<group>"; };
		5E7214B2190AE24800678908 /* SceneRanking.m */ = {isa = PBXFileReference; fileEncoding = 4; lastKnownFileType = sourcecode.c.objc; path = SceneRanking.m; sourceTree = "<group>"; };
		5E8A846918FDABFA0081583D /* dpad.fla */ = {isa = PBXFileReference; lastKnownFileType = file; path = dpad.fla; sourceTree = "<group>"; };
		5E8A846E18FDC6110081583D /* GameData.h */ = {isa = PBXFileReference; fileEncoding = 4; lastKnownFileType = sourcecode.c.h; path = GameData.h; sourceTree = "<group>"; };
		5E8A846F18FDC6110081583D /* GameData.m */ = {isa = PBXFileReference; fileEncoding = 4; lastKnownFileType = sourcecode.c.objc; path = GameData.m; sourceTree = "<group>"; };
		5EBB78881906F4CE001D961C /* background.psd */ = {isa = PBXFileReference; lastKnownFileType = file; path = background.psd; sourceTree = "<group>"; };
		5EBB78891906F4CE001D961C /* Titulo.png */ = {isa = PBXFileReference; lastKnownFileType = image.png; path = Titulo.png; sourceTree = "<group>"; };
		5EBB788C1906F4F1001D961C /* background.png */ = {isa = PBXFileReference; lastKnownFileType = image.png; path = background.png; sourceTree = "<group>"; };
		5EBB788E19070716001D961C /* pleaseTouch.png */ = {isa = PBXFileReference; lastKnownFileType = image.png; path = pleaseTouch.png; sourceTree = "<group>"; };
		A0005D66190433CE003A60F1 /* DSMultilineLabelNode.m */ = {isa = PBXFileReference; fileEncoding = 4; lastKnownFileType = sourcecode.c.objc; path = DSMultilineLabelNode.m; sourceTree = "<group>"; };
		A0005D67190433CE003A60F1 /* DSMultilineLabelNode.h */ = {isa = PBXFileReference; fileEncoding = 4; lastKnownFileType = sourcecode.c.h; path = DSMultilineLabelNode.h; sourceTree = "<group>"; };
		A0005D691904405A003A60F1 /* dragonAvatar.fla */ = {isa = PBXFileReference; lastKnownFileType = file; path = dragonAvatar.fla; sourceTree = "<group>"; };
		A0005D6A19044064003A60F1 /* dragonAvatar.png */ = {isa = PBXFileReference; lastKnownFileType = image.png; path = dragonAvatar.png; sourceTree = "<group>"; };
		A0105940190F122600B07EBE /* BattleResult.h */ = {isa = PBXFileReference; fileEncoding = 4; lastKnownFileType = sourcecode.c.h; path = BattleResult.h; sourceTree = "<group>"; };
		A0105941190F122600B07EBE /* BattleResult.m */ = {isa = PBXFileReference; fileEncoding = 4; lastKnownFileType = sourcecode.c.objc; path = BattleResult.m; sourceTree = "<group>"; };
		A0105943190F209800B07EBE /* SystemMapHud.h */ = {isa = PBXFileReference; fileEncoding = 4; lastKnownFileType = sourcecode.c.h; path = SystemMapHud.h; sourceTree = "<group>"; };
		A0105944190F209800B07EBE /* SystemMapHud.m */ = {isa = PBXFileReference; fileEncoding = 4; lastKnownFileType = sourcecode.c.objc; path = SystemMapHud.m; sourceTree = "<group>"; };
		A0105946190F230400B07EBE /* GFXBuilder.h */ = {isa = PBXFileReference; fileEncoding = 4; lastKnownFileType = sourcecode.c.h; path = GFXBuilder.h; sourceTree = "<group>"; };
		A0105947190F230400B07EBE /* GFXBuilder.m */ = {isa = PBXFileReference; fileEncoding = 4; lastKnownFileType = sourcecode.c.objc; path = GFXBuilder.m; sourceTree = "<group>"; };
		A02127DF1909F40200D67A8B /* GameController.h */ = {isa = PBXFileReference; fileEncoding = 4; lastKnownFileType = sourcecode.c.h; path = GameController.h; sourceTree = "<group>"; };
		A02127E01909F40200D67A8B /* GameController.m */ = {isa = PBXFileReference; fileEncoding = 4; lastKnownFileType = sourcecode.c.objc; path = GameController.m; sourceTree = "<group>"; };
		A02127E21909F41B00D67A8B /* tile-earthTransitionBot.png */ = {isa = PBXFileReference; lastKnownFileType = image.png; path = "tile-earthTransitionBot.png"; sourceTree = "<group>"; };
		A02127E31909F41B00D67A8B /* tile-earthTransitionCorner.png */ = {isa = PBXFileReference; lastKnownFileType = image.png; path = "tile-earthTransitionCorner.png"; sourceTree = "<group>"; };
		A02127E41909F41B00D67A8B /* tile-earthTransitionL.png */ = {isa = PBXFileReference; lastKnownFileType = image.png; path = "tile-earthTransitionL.png"; sourceTree = "<group>"; };
		A02127E81909F43400D67A8B /* dragon-perfil.fla */ = {isa = PBXFileReference; lastKnownFileType = file; path = "dragon-perfil.fla"; sourceTree = "<group>"; };
		A02B81C01902201900D5A417 /* ComponentMapMovement.h */ = {isa = PBXFileReference; fileEncoding = 4; lastKnownFileType = sourcecode.c.h; path = ComponentMapMovement.h; sourceTree = "<group>"; };
		A02B81C11902201900D5A417 /* ComponentMapMovement.m */ = {isa = PBXFileReference; fileEncoding = 4; lastKnownFileType = sourcecode.c.objc; path = ComponentMapMovement.m; sourceTree = "<group>"; };
		A09A05ED190C471200ACEAB8 /* BattleConfig.h */ = {isa = PBXFileReference; fileEncoding = 4; lastKnownFileType = sourcecode.c.h; path = BattleConfig.h; sourceTree = "<group>"; };
		A09A05EE190C471200ACEAB8 /* BattleConfig.m */ = {isa = PBXFileReference; fileEncoding = 4; lastKnownFileType = sourcecode.c.objc; path = BattleConfig.m; sourceTree = "<group>"; };
		A0CF924119DF610800D1011B /* GPEvent.h */ = {isa = PBXFileReference; fileEncoding = 4; lastKnownFileType = sourcecode.c.h; path = GPEvent.h; sourceTree = "<group>"; };
		A0CF924219DF610800D1011B /* GPEvent.m */ = {isa = PBXFileReference; fileEncoding = 4; lastKnownFileType = sourcecode.c.objc; path = GPEvent.m; sourceTree = "<group>"; };
		A0CF924419DF611800D1011B /* GPEventDispatcher.h */ = {isa = PBXFileReference; fileEncoding = 4; lastKnownFileType = sourcecode.c.h; path = GPEventDispatcher.h; sourceTree = "<group>"; };
		A0CF924519DF611800D1011B /* GPEventDispatcher.m */ = {isa = PBXFileReference; fileEncoding = 4; lastKnownFileType = sourcecode.c.objc; path = GPEventDispatcher.m; sourceTree = "<group>"; };
		A0CF924719DF615F00D1011B /* GPEventListener.h */ = {isa = PBXFileReference; fileEncoding = 4; lastKnownFileType = sourcecode.c.h; path = GPEventListener.h; sourceTree = "<group>"; };
		A0D9F61119E1D00A0077CB4A /* BattleAction.h */ = {isa = PBXFileReference; fileEncoding = 4; lastKnownFileType = sourcecode.c.h; path = BattleAction.h; sourceTree = "<group>"; };
		A0D9F61219E1D00A0077CB4A /* BattleAction.m */ = {isa = PBXFileReference; fileEncoding = 4; lastKnownFileType = sourcecode.c.objc; path = BattleAction.m; sourceTree = "<group>"; };
		A0D9F61719E1D1270077CB4A /* ActionCollection.h */ = {isa = PBXFileReference; fileEncoding = 4; lastKnownFileType = sourcecode.c.h; path = ActionCollection.h; sourceTree = "<group>"; };
		A0D9F61819E1D1270077CB4A /* ActionCollection.m */ = {isa = PBXFileReference; fileEncoding = 4; lastKnownFileType = sourcecode.c.objc; path = ActionCollection.m; sourceTree = "<group>"; };
		A0D9F61A19E1D3160077CB4A /* ActionBarManager.h */ = {isa = PBXFileReference; fileEncoding = 4; lastKnownFileType = sourcecode.c.h; path = ActionBarManager.h; sourceTree = "<group>"; };
		A0D9F61B19E1D3160077CB4A /* ActionBarManager.m */ = {isa = PBXFileReference; fileEncoding = 4; lastKnownFileType = sourcecode.c.objc; path = ActionBarManager.m; sourceTree = "<group>"; };
		A0D9F61D19E1D4570077CB4A /* ActionQueueManager.h */ = {isa = PBXFileReference; fileEncoding = 4; lastKnownFileType = sourcecode.c.h; path = ActionQueueManager.h; sourceTree = "<group>"; };
		A0D9F61E19E1D4570077CB4A /* ActionQueueManager.m */ = {isa = PBXFileReference; fileEncoding = 4; lastKnownFileType = sourcecode.c.objc; path = ActionQueueManager.m; sourceTree = "<group>"; };
		A0D9F62119E1D9F90077CB4A /* ActionRunner.h */ = {isa = PBXFileReference; fileEncoding = 4; lastKnownFileType = sourcecode.c.h; path = ActionRunner.h; sourceTree = "<group>"; };
		A0D9F62219E1E4E80077CB4A /* ActionBarView.h */ = {isa = PBXFileReference; fileEncoding = 4; lastKnownFileType = sourcecode.c.h; path = ActionBarView.h; sourceTree = "<group>"; };
		A0D9F62319E1E4E80077CB4A /* ActionBarView.m */ = {isa = PBXFileReference; fileEncoding = 4; lastKnownFileType = sourcecode.c.objc; path = ActionBarView.m; sourceTree = "<group>"; };
		A0D9F62519E1E6570077CB4A /* ActionQueueView.h */ = {isa = PBXFileReference; fileEncoding = 4; lastKnownFileType = sourcecode.c.h; path = ActionQueueView.h; sourceTree = "<group>"; };
		A0D9F62619E1E6570077CB4A /* ActionQueueView.m */ = {isa = PBXFileReference; fileEncoding = 4; lastKnownFileType = sourcecode.c.objc; path = ActionQueueView.m; sourceTree = "<group>"; };
		A0D9F62819E1E8BD0077CB4A /* ActionRunTimer.h */ = {isa = PBXFileReference; fileEncoding = 4; lastKnownFileType = sourcecode.c.h; path = ActionRunTimer.h; sourceTree = "<group>"; };
		A0D9F62919E1E8BD0077CB4A /* ActionRunTimer.m */ = {isa = PBXFileReference; fileEncoding = 4; lastKnownFileType = sourcecode.c.objc; path = ActionRunTimer.m; sourceTree = "<group>"; };
		A0D9F62B19E1F9AC0077CB4A /* ActionIconView.h */ = {isa = PBXFileReference; fileEncoding = 4; lastKnownFileType = sourcecode.c.h; path = ActionIconView.h; sourceTree = "<group>"; };
		A0D9F62C19E1F9AC0077CB4A /* ActionIconView.m */ = {isa = PBXFileReference; fileEncoding = 4; lastKnownFileType = sourcecode.c.objc; path = ActionIconView.m; sourceTree = "<group>"; };
		B3133189190EF345009C29BA /* TimeBall.atlas */ = {isa = PBXFileReference; lastKnownFileType = folder.skatlas; path = TimeBall.atlas; sourceTree = "<group>"; };
		B32AE32618F465CB006F8635 /* GamePrototype.app */ = {isa = PBXFileReference; explicitFileType = wrapper.application; includeInIndex = 0; path = GamePrototype.app; sourceTree = BUILT_PRODUCTS_DIR; };
		B32AE32918F465CB006F8635 /* Foundation.framework */ = {isa = PBXFileReference; lastKnownFileType = wrapper.framework; name = Foundation.framework; path = System/Library/Frameworks/Foundation.framework; sourceTree = SDKROOT; };
		B32AE32B18F465CB006F8635 /* CoreGraphics.framework */ = {isa = PBXFileReference; lastKnownFileType = wrapper.framework; name = CoreGraphics.framework; path = System/Library/Frameworks/CoreGraphics.framework; sourceTree = SDKROOT; };
		B32AE32D18F465CB006F8635 /* UIKit.framework */ = {isa = PBXFileReference; lastKnownFileType = wrapper.framework; name = UIKit.framework; path = System/Library/Frameworks/UIKit.framework; sourceTree = SDKROOT; };
		B32AE32F18F465CC006F8635 /* SpriteKit.framework */ = {isa = PBXFileReference; lastKnownFileType = wrapper.framework; name = SpriteKit.framework; path = System/Library/Frameworks/SpriteKit.framework; sourceTree = SDKROOT; };
		B32AE33318F465CC006F8635 /* GamePrototype-Info.plist */ = {isa = PBXFileReference; lastKnownFileType = text.plist.xml; path = "GamePrototype-Info.plist"; sourceTree = "<group>"; };
		B32AE33518F465CC006F8635 /* en */ = {isa = PBXFileReference; lastKnownFileType = text.plist.strings; name = en; path = en.lproj/InfoPlist.strings; sourceTree = "<group>"; };
		B32AE33718F465CC006F8635 /* main.m */ = {isa = PBXFileReference; lastKnownFileType = sourcecode.c.objc; path = main.m; sourceTree = "<group>"; };
		B32AE33918F465CC006F8635 /* GamePrototype-Prefix.pch */ = {isa = PBXFileReference; lastKnownFileType = sourcecode.c.h; path = "GamePrototype-Prefix.pch"; sourceTree = "<group>"; };
		B32AE33A18F465CC006F8635 /* AppDelegate.h */ = {isa = PBXFileReference; lastKnownFileType = sourcecode.c.h; path = AppDelegate.h; sourceTree = "<group>"; };
		B32AE33B18F465CC006F8635 /* AppDelegate.m */ = {isa = PBXFileReference; lastKnownFileType = sourcecode.c.objc; path = AppDelegate.m; sourceTree = "<group>"; };
		B32AE33E18F465CC006F8635 /* Base */ = {isa = PBXFileReference; lastKnownFileType = file.storyboard; name = Base; path = Base.lproj/Main_iPhone.storyboard; sourceTree = "<group>"; };
		B32AE34118F465CC006F8635 /* Base */ = {isa = PBXFileReference; lastKnownFileType = file.storyboard; name = Base; path = Base.lproj/Main_iPad.storyboard; sourceTree = "<group>"; };
		B32AE34318F465CC006F8635 /* ViewController.h */ = {isa = PBXFileReference; lastKnownFileType = sourcecode.c.h; path = ViewController.h; sourceTree = "<group>"; };
		B32AE34418F465CC006F8635 /* ViewController.m */ = {isa = PBXFileReference; lastKnownFileType = sourcecode.c.objc; path = ViewController.m; sourceTree = "<group>"; };
		B32AE34618F465CC006F8635 /* SceneBattle.h */ = {isa = PBXFileReference; lastKnownFileType = sourcecode.c.h; path = SceneBattle.h; sourceTree = "<group>"; };
		B32AE34718F465CC006F8635 /* SceneBattle.m */ = {isa = PBXFileReference; lastKnownFileType = sourcecode.c.objc; path = SceneBattle.m; sourceTree = "<group>"; };
		B32AE34B18F465CC006F8635 /* Images.xcassets */ = {isa = PBXFileReference; lastKnownFileType = folder.assetcatalog; path = Images.xcassets; sourceTree = "<group>"; };
		B32AE35118F465CC006F8635 /* GamePrototypeTests.xctest */ = {isa = PBXFileReference; explicitFileType = wrapper.cfbundle; includeInIndex = 0; path = GamePrototypeTests.xctest; sourceTree = BUILT_PRODUCTS_DIR; };
		B32AE35218F465CC006F8635 /* XCTest.framework */ = {isa = PBXFileReference; lastKnownFileType = wrapper.framework; name = XCTest.framework; path = Library/Frameworks/XCTest.framework; sourceTree = DEVELOPER_DIR; };
		B32AE35A18F465CC006F8635 /* GamePrototypeTests-Info.plist */ = {isa = PBXFileReference; lastKnownFileType = text.plist.xml; path = "GamePrototypeTests-Info.plist"; sourceTree = "<group>"; };
		B32AE35C18F465CC006F8635 /* en */ = {isa = PBXFileReference; lastKnownFileType = text.plist.strings; name = en; path = en.lproj/InfoPlist.strings; sourceTree = "<group>"; };
		B32AE35E18F465CC006F8635 /* GamePrototypeTests.m */ = {isa = PBXFileReference; lastKnownFileType = sourcecode.c.objc; path = GamePrototypeTests.m; sourceTree = "<group>"; };
		B32AE36918F46736006F8635 /* GPEntity.h */ = {isa = PBXFileReference; fileEncoding = 4; lastKnownFileType = sourcecode.c.h; path = GPEntity.h; sourceTree = "<group>"; };
		B32AE36A18F46736006F8635 /* GPEntity.m */ = {isa = PBXFileReference; fileEncoding = 4; lastKnownFileType = sourcecode.c.objc; path = GPEntity.m; sourceTree = "<group>"; };
		B32AE36C18F467E3006F8635 /* GPComponent.h */ = {isa = PBXFileReference; fileEncoding = 4; lastKnownFileType = sourcecode.c.h; path = GPComponent.h; sourceTree = "<group>"; };
		B32AE36D18F467E3006F8635 /* GPComponent.m */ = {isa = PBXFileReference; fileEncoding = 4; lastKnownFileType = sourcecode.c.objc; path = GPComponent.m; sourceTree = "<group>"; };
		B32AE36F18F46B35006F8635 /* GPSystem.h */ = {isa = PBXFileReference; fileEncoding = 4; lastKnownFileType = sourcecode.c.h; path = GPSystem.h; sourceTree = "<group>"; };
		B32AE37018F46B35006F8635 /* GPSystem.m */ = {isa = PBXFileReference; fileEncoding = 4; lastKnownFileType = sourcecode.c.objc; path = GPSystem.m; sourceTree = "<group>"; };
		B32AE37218F46BB2006F8635 /* GPGameScene.h */ = {isa = PBXFileReference; fileEncoding = 4; lastKnownFileType = sourcecode.c.h; path = GPGameScene.h; sourceTree = "<group>"; };
		B32AE37318F46BB2006F8635 /* GPGameScene.m */ = {isa = PBXFileReference; fileEncoding = 4; lastKnownFileType = sourcecode.c.objc; path = GPGameScene.m; sourceTree = "<group>"; };
		B32B9BBC18FDA34800BF4B2C /* ComponentMapaGrid.h */ = {isa = PBXFileReference; fileEncoding = 4; lastKnownFileType = sourcecode.c.h; path = ComponentMapaGrid.h; sourceTree = "<group>"; };
		B32B9BBD18FDA34800BF4B2C /* ComponentMapaGrid.m */ = {isa = PBXFileReference; fileEncoding = 4; lastKnownFileType = sourcecode.c.objc; path = ComponentMapaGrid.m; sourceTree = "<group>"; };
		B32B9BBF18FDB68A00BF4B2C /* SystemMap.h */ = {isa = PBXFileReference; fileEncoding = 4; lastKnownFileType = sourcecode.c.h; path = SystemMap.h; sourceTree = "<group>"; };
		B32B9BC018FDB68A00BF4B2C /* SystemMap.m */ = {isa = PBXFileReference; fileEncoding = 4; lastKnownFileType = sourcecode.c.objc; path = SystemMap.m; sourceTree = "<group>"; };
		B32DB95C18F48DA4001ECCD2 /* GamePrototype.h */ = {isa = PBXFileReference; lastKnownFileType = sourcecode.c.h; path = GamePrototype.h; sourceTree = "<group>"; };
		B32DB95D18F49557001ECCD2 /* SystemBattle.h */ = {isa = PBXFileReference; fileEncoding = 4; lastKnownFileType = sourcecode.c.h; path = SystemBattle.h; sourceTree = "<group>"; };
		B32DB95E18F49557001ECCD2 /* SystemBattle.m */ = {isa = PBXFileReference; fileEncoding = 4; lastKnownFileType = sourcecode.c.objc; path = SystemBattle.m; sourceTree = "<group>"; };
		B32DB96018F4959E001ECCD2 /* ComponentDraggableAttack.h */ = {isa = PBXFileReference; fileEncoding = 4; lastKnownFileType = sourcecode.c.h; path = ComponentDraggableAttack.h; sourceTree = "<group>"; };
		B32DB96118F4959E001ECCD2 /* ComponentDraggableAttack.m */ = {isa = PBXFileReference; fileEncoding = 4; lastKnownFileType = sourcecode.c.objc; path = ComponentDraggableAttack.m; sourceTree = "<group>"; };
		B32E643918FEF58400040D47 /* ComponentMovement.h */ = {isa = PBXFileReference; fileEncoding = 4; lastKnownFileType = sourcecode.c.h; path = ComponentMovement.h; sourceTree = "<group>"; };
		B32E643A18FEF58400040D47 /* ComponentMovement.m */ = {isa = PBXFileReference; fileEncoding = 4; lastKnownFileType = sourcecode.c.objc; path = ComponentMovement.m; sourceTree = "<group>"; };
		B32E643C18FEF66700040D47 /* SystemMapMovement.h */ = {isa = PBXFileReference; fileEncoding = 4; lastKnownFileType = sourcecode.c.h; path = SystemMapMovement.h; sourceTree = "<group>"; };
		B32E643D18FEF66700040D47 /* SystemMapMovement.m */ = {isa = PBXFileReference; fileEncoding = 4; lastKnownFileType = sourcecode.c.objc; path = SystemMapMovement.m; sourceTree = "<group>"; };
		B32E644118FF098900040D47 /* SystemCamera.h */ = {isa = PBXFileReference; fileEncoding = 4; lastKnownFileType = sourcecode.c.h; path = SystemCamera.h; sourceTree = "<group>"; };
		B32E644218FF098900040D47 /* SystemCamera.m */ = {isa = PBXFileReference; fileEncoding = 4; lastKnownFileType = sourcecode.c.objc; path = SystemCamera.m; sourceTree = "<group>"; };
		B32E644418FF099F00040D47 /* ComponentCamera.h */ = {isa = PBXFileReference; fileEncoding = 4; lastKnownFileType = sourcecode.c.h; path = ComponentCamera.h; sourceTree = "<group>"; };
		B32E644518FF099F00040D47 /* ComponentCamera.m */ = {isa = PBXFileReference; fileEncoding = 4; lastKnownFileType = sourcecode.c.objc; path = ComponentCamera.m; sourceTree = "<group>"; };
		B33EBCC019004F410027882B /* SystemDialog.h */ = {isa = PBXFileReference; fileEncoding = 4; lastKnownFileType = sourcecode.c.h; path = SystemDialog.h; sourceTree = "<group>"; };
		B33EBCC119004F410027882B /* SystemDialog.m */ = {isa = PBXFileReference; fileEncoding = 4; lastKnownFileType = sourcecode.c.objc; path = SystemDialog.m; sourceTree = "<group>"; };
		B33EBCC319004F6B0027882B /* ComponentDialog.h */ = {isa = PBXFileReference; fileEncoding = 4; lastKnownFileType = sourcecode.c.h; path = ComponentDialog.h; sourceTree = "<group>"; };
		B33EBCC419004F6B0027882B /* ComponentDialog.m */ = {isa = PBXFileReference; fileEncoding = 4; lastKnownFileType = sourcecode.c.objc; path = ComponentDialog.m; sourceTree = "<group>"; };
		B34B2DDE18F475EE007B82C4 /* GPEntitySelector.h */ = {isa = PBXFileReference; fileEncoding = 4; lastKnownFileType = sourcecode.c.h; path = GPEntitySelector.h; sourceTree = "<group>"; };
		B34B2DDF18F475EE007B82C4 /* GPEntitySelector.m */ = {isa = PBXFileReference; fileEncoding = 4; lastKnownFileType = sourcecode.c.objc; path = GPEntitySelector.m; sourceTree = "<group>"; };
		B34B2DE118F47E17007B82C4 /* GPSelectorRules.h */ = {isa = PBXFileReference; fileEncoding = 4; lastKnownFileType = sourcecode.c.h; path = GPSelectorRules.h; sourceTree = "<group>"; };
		B34B2DE218F47E17007B82C4 /* GPSelectorRules.m */ = {isa = PBXFileReference; fileEncoding = 4; lastKnownFileType = sourcecode.c.objc; path = GPSelectorRules.m; sourceTree = "<group>"; };
		B35DDF9F18F5D11A0079F74D /* ComponentHealth.h */ = {isa = PBXFileReference; fileEncoding = 4; lastKnownFileType = sourcecode.c.h; path = ComponentHealth.h; sourceTree = "<group>"; };
		B35DDFA018F5D11A0079F74D /* ComponentHealth.m */ = {isa = PBXFileReference; fileEncoding = 4; lastKnownFileType = sourcecode.c.objc; path = ComponentHealth.m; sourceTree = "<group>"; };
		B35DDFA218F5D9970079F74D /* CommonImports.h */ = {isa = PBXFileReference; lastKnownFileType = sourcecode.c.h; path = CommonImports.h; sourceTree = "<group>"; };
		B35DDFA318F5DE580079F74D /* SystemHealthIndicator.h */ = {isa = PBXFileReference; fileEncoding = 4; lastKnownFileType = sourcecode.c.h; path = SystemHealthIndicator.h; sourceTree = "<group>"; };
		B35DDFA418F5DE580079F74D /* SystemHealthIndicator.m */ = {isa = PBXFileReference; fileEncoding = 4; lastKnownFileType = sourcecode.c.objc; path = SystemHealthIndicator.m; sourceTree = "<group>"; };
		B35DDFA618F5E4FF0079F74D /* ComponentHealthIndicator.h */ = {isa = PBXFileReference; fileEncoding = 4; lastKnownFileType = sourcecode.c.h; path = ComponentHealthIndicator.h; sourceTree = "<group>"; };
		B35DDFA718F5E4FF0079F74D /* ComponentHealthIndicator.m */ = {isa = PBXFileReference; fileEncoding = 4; lastKnownFileType = sourcecode.c.objc; path = ComponentHealthIndicator.m; sourceTree = "<group>"; };
		B38069BF1906F0D0006A2294 /* ComponentAIBattle.h */ = {isa = PBXFileReference; fileEncoding = 4; lastKnownFileType = sourcecode.c.h; path = ComponentAIBattle.h; sourceTree = "<group>"; };
		B38069C01906F0D0006A2294 /* ComponentAIBattle.m */ = {isa = PBXFileReference; fileEncoding = 4; lastKnownFileType = sourcecode.c.objc; path = ComponentAIBattle.m; sourceTree = "<group>"; };
		B38069C2190703AE006A2294 /* ComponentBattleState.h */ = {isa = PBXFileReference; fileEncoding = 4; lastKnownFileType = sourcecode.c.h; path = ComponentBattleState.h; sourceTree = "<group>"; };
		B38069C3190703AE006A2294 /* ComponentBattleState.m */ = {isa = PBXFileReference; fileEncoding = 4; lastKnownFileType = sourcecode.c.objc; path = ComponentBattleState.m; sourceTree = "<group>"; };
		B3B15DA9190ADD5800E98B92 /* AnimMaker.h */ = {isa = PBXFileReference; fileEncoding = 4; lastKnownFileType = sourcecode.c.h; path = AnimMaker.h; sourceTree = "<group>"; };
		B3B15DAA190ADD5800E98B92 /* AnimMaker.m */ = {isa = PBXFileReference; fileEncoding = 4; lastKnownFileType = sourcecode.c.objc; path = AnimMaker.m; sourceTree = "<group>"; };
		FC14148F190AE94F00B398CE /* MenuBG.png */ = {isa = PBXFileReference; lastKnownFileType = image.png; path = MenuBG.png; sourceTree = "<group>"; };
		FC141493190AF44A00B398CE /* MenuBtnRank.png */ = {isa = PBXFileReference; lastKnownFileType = image.png; path = MenuBtnRank.png; sourceTree = "<group>"; };
		FC141494190AF44A00B398CE /* MenuBtnJogar.png */ = {isa = PBXFileReference; lastKnownFileType = image.png; path = MenuBtnJogar.png; sourceTree = "<group>"; };
		FC141497190AF49F00B398CE /* Menu.fla */ = {isa = PBXFileReference; lastKnownFileType = file; path = Menu.fla; sourceTree = "<group>"; };
		FC141498190AF76E00B398CE /* RankCellBG.png */ = {isa = PBXFileReference; lastKnownFileType = image.png; path = RankCellBG.png; sourceTree = "<group>"; };
		FC14149A190AF90700B398CE /* RankBG.png */ = {isa = PBXFileReference; lastKnownFileType = image.png; path = RankBG.png; sourceTree = "<group>"; };
		FC3F738E18FF03AF00949342 /* player.png */ = {isa = PBXFileReference; lastKnownFileType = image.png; path = player.png; sourceTree = "<group>"; };
		FC3F73C618FF24E900949342 /* dragon.atlas */ = {isa = PBXFileReference; lastKnownFileType = folder.skatlas; path = dragon.atlas; sourceTree = "<group>"; };
		FC3F73C818FF264D00949342 /* dragon.fla */ = {isa = PBXFileReference; lastKnownFileType = file; path = dragon.fla; sourceTree = "<group>"; };
		FC3F73C918FF280E00949342 /* dpadClicked.png */ = {isa = PBXFileReference; lastKnownFileType = image.png; path = dpadClicked.png; sourceTree = "<group>"; };
		FC66C37618FDB7C00015062B /* dpad.png */ = {isa = PBXFileReference; lastKnownFileType = image.png; path = dpad.png; sourceTree = "<group>"; };
		FC7732FC190ECD44008A7E39 /* BtnVoltar.png */ = {isa = PBXFileReference; lastKnownFileType = image.png; path = BtnVoltar.png; sourceTree = "<group>"; };
		FC7732FE190EDD7C008A7E39 /* tile-grassCanto.png */ = {isa = PBXFileReference; lastKnownFileType = image.png; path = "tile-grassCanto.png"; sourceTree = "<group>"; };
		FC7732FF190EDD7C008A7E39 /* tile-earthBaixo.png */ = {isa = PBXFileReference; lastKnownFileType = image.png; path = "tile-earthBaixo.png"; sourceTree = "<group>"; };
		FC773300190EDD7C008A7E39 /* tile-grassL.png */ = {isa = PBXFileReference; lastKnownFileType = image.png; path = "tile-grassL.png"; sourceTree = "<group>"; };
		FC773301190EDD7C008A7E39 /* tile-grassU.png */ = {isa = PBXFileReference; lastKnownFileType = image.png; path = "tile-grassU.png"; sourceTree = "<group>"; };
		FC773302190EDD7C008A7E39 /* tile-earthU.png */ = {isa = PBXFileReference; lastKnownFileType = image.png; path = "tile-earthU.png"; sourceTree = "<group>"; };
		FC773303190EDD7C008A7E39 /* tile-earthL.png */ = {isa = PBXFileReference; lastKnownFileType = image.png; path = "tile-earthL.png"; sourceTree = "<group>"; };
		FC773304190EDD7C008A7E39 /* tile-grassBaixo.png */ = {isa = PBXFileReference; lastKnownFileType = image.png; path = "tile-grassBaixo.png"; sourceTree = "<group>"; };
		FC773305190EDD7C008A7E39 /* tile-earthCanto.png */ = {isa = PBXFileReference; lastKnownFileType = image.png; path = "tile-earthCanto.png"; sourceTree = "<group>"; };
		FC8E1CD4190070FE00D24C87 /* tiles.fla */ = {isa = PBXFileReference; lastKnownFileType = file; path = tiles.fla; sourceTree = "<group>"; };
		FC8E1CD51900711800D24C87 /* tile-earth.png */ = {isa = PBXFileReference; lastKnownFileType = image.png; path = "tile-earth.png"; sourceTree = "<group>"; };
		FC8E1CD61900711800D24C87 /* tile-grass.png */ = {isa = PBXFileReference; lastKnownFileType = image.png; path = "tile-grass.png"; sourceTree = "<group>"; };
		FC8E1CD91900712200D24C87 /* tile-castle-grass.png */ = {isa = PBXFileReference; lastKnownFileType = image.png; path = "tile-castle-grass.png"; sourceTree = "<group>"; };
		FC8E1CDA1900712200D24C87 /* tile-castle-earth.png */ = {isa = PBXFileReference; lastKnownFileType = image.png; path = "tile-castle-earth.png"; sourceTree = "<group>"; };
		FC8E1CDD1900712C00D24C87 /* tile-mountain.png */ = {isa = PBXFileReference; lastKnownFileType = image.png; path = "tile-mountain.png"; sourceTree = "<group>"; };
		FC8E1CDE1900712C00D24C87 /* tile-cave.png */ = {isa = PBXFileReference; lastKnownFileType = image.png; path = "tile-cave.png"; sourceTree = "<group>"; };
		FC8FD6E8190838BE00E3DC97 /* earthScene.png */ = {isa = PBXFileReference; lastKnownFileType = image.png; path = earthScene.png; sourceTree = "<group>"; };
		FC8FD6EA19083F8500E3DC97 /* water.atlas */ = {isa = PBXFileReference; lastKnownFileType = folder.skatlas; path = water.atlas; sourceTree = "<group>"; };
		FCCD02761906EFD500FFE9DB /* Knight.png */ = {isa = PBXFileReference; lastKnownFileType = image.png; path = Knight.png; sourceTree = "<group>"; };
		FCCD02771906EFD500FFE9DB /* dragon-perfil.png */ = {isa = PBXFileReference; lastKnownFileType = image.png; path = "dragon-perfil.png"; sourceTree = "<group>"; };
		FCCD027A1906F15A00FFE9DB /* Knight-portrate.png */ = {isa = PBXFileReference; lastKnownFileType = image.png; path = "Knight-portrate.png"; sourceTree = "<group>"; };
		FCCD027B1906F15A00FFE9DB /* dragon-portrate.png */ = {isa = PBXFileReference; lastKnownFileType = image.png; path = "dragon-portrate.png"; sourceTree = "<group>"; };
		FCCD027E1906F17300FFE9DB /* Knight.fla */ = {isa = PBXFileReference; lastKnownFileType = file; path = Knight.fla; sourceTree = "<group>"; };
		FCCD027F1906F55600FFE9DB /* ataqueFogo.fla */ = {isa = PBXFileReference; lastKnownFileType = file; path = ataqueFogo.fla; sourceTree = "<group>"; };
		FCCD02801906F55600FFE9DB /* explosao.png */ = {isa = PBXFileReference; lastKnownFileType = image.png; path = explosao.png; sourceTree = "<group>"; };
		FCCD02811906F55600FFE9DB /* bola-de-fogo.png */ = {isa = PBXFileReference; lastKnownFileType = image.png; path = "bola-de-fogo.png"; sourceTree = "<group>"; };
		FCCD028519070F7A00FFE9DB /* gramaScene.png */ = {isa = PBXFileReference; lastKnownFileType = image.png; path = gramaScene.png; sourceTree = "<group>"; };
/* End PBXFileReference section */

/* Begin PBXFrameworksBuildPhase section */
		B32AE32318F465CB006F8635 /* Frameworks */ = {
			isa = PBXFrameworksBuildPhase;
			buildActionMask = 2147483647;
			files = (
				B32AE32C18F465CB006F8635 /* CoreGraphics.framework in Frameworks */,
				B32AE32E18F465CB006F8635 /* UIKit.framework in Frameworks */,
				B32AE33018F465CC006F8635 /* SpriteKit.framework in Frameworks */,
				B32AE32A18F465CB006F8635 /* Foundation.framework in Frameworks */,
			);
			runOnlyForDeploymentPostprocessing = 0;
		};
		B32AE34E18F465CC006F8635 /* Frameworks */ = {
			isa = PBXFrameworksBuildPhase;
			buildActionMask = 2147483647;
			files = (
				B32AE35318F465CC006F8635 /* XCTest.framework in Frameworks */,
				B32AE35518F465CC006F8635 /* UIKit.framework in Frameworks */,
				B32AE35418F465CC006F8635 /* Foundation.framework in Frameworks */,
			);
			runOnlyForDeploymentPostprocessing = 0;
		};
/* End PBXFrameworksBuildPhase section */

/* Begin PBXGroup section */
		5E44345D1908393700EBA273 /* Songs */ = {
			isa = PBXGroup;
			children = (
				5E6CB57D190987CC00C05DED /* Vitoria.wav */,
				5E6CB57B1909879200C05DED /* MundoMusica.wav */,
				5E6CB5791909862800C05DED /* gameOver.wav */,
				5E6CB577190985AD00C05DED /* BatalhaMusica.wav */,
				5E44346A19084EA600EBA273 /* Espada.wav */,
				5E4434681908435300EBA273 /* Explosao.wav */,
				5E443466190841A900EBA273 /* fireBall.wav */,
				5E44346419083F1800EBA273 /* DragaoMorrendo.wav */,
				5E44345E19083C3600EBA273 /* HomemMorrendo3.wav */,
				5E44345F19083C3600EBA273 /* HomemMorrendo2.wav */,
				5E44346019083C3600EBA273 /* HomemMorrendo1.wav */,
			);
			name = Songs;
			sourceTree = "<group>";
		};
		5E6CB6591909904500C05DED /* Objetos */ = {
			isa = PBXGroup;
			children = (
				5E6CB65A1909908C00C05DED /* Score.h */,
				5E6CB65B1909908C00C05DED /* Score.m */,
			);
			name = Objetos;
			sourceTree = "<group>";
		};
		5E6CB6601909963400C05DED /* Controllers */ = {
			isa = PBXGroup;
			children = (
				B32AE34318F465CC006F8635 /* ViewController.h */,
				B32AE34418F465CC006F8635 /* ViewController.m */,
			);
			name = Controllers;
			sourceTree = "<group>";
		};
		5E8A846818FDABA90081583D /* Images */ = {
			isa = PBXGroup;
			children = (
				B3133189190EF345009C29BA /* TimeBall.atlas */,
				FC8FD6EA19083F8500E3DC97 /* water.atlas */,
				FC3F73C618FF24E900949342 /* dragon.atlas */,
				5E8A846918FDABFA0081583D /* dpad.fla */,
				FC3F73C818FF264D00949342 /* dragon.fla */,
				A0005D691904405A003A60F1 /* dragonAvatar.fla */,
				A02127E81909F43400D67A8B /* dragon-perfil.fla */,
				FC8E1CD4190070FE00D24C87 /* tiles.fla */,
				FCCD027E1906F17300FFE9DB /* Knight.fla */,
				FCCD027F1906F55600FFE9DB /* ataqueFogo.fla */,
				FC141497190AF49F00B398CE /* Menu.fla */,
				FC7732FE190EDD7C008A7E39 /* tile-grassCanto.png */,
				FC7732FF190EDD7C008A7E39 /* tile-earthBaixo.png */,
				FC773300190EDD7C008A7E39 /* tile-grassL.png */,
				FC773301190EDD7C008A7E39 /* tile-grassU.png */,
				FC773302190EDD7C008A7E39 /* tile-earthU.png */,
				FC773303190EDD7C008A7E39 /* tile-earthL.png */,
				FC773304190EDD7C008A7E39 /* tile-grassBaixo.png */,
				FC773305190EDD7C008A7E39 /* tile-earthCanto.png */,
				FC14149A190AF90700B398CE /* RankBG.png */,
				FC141498190AF76E00B398CE /* RankCellBG.png */,
				FC141493190AF44A00B398CE /* MenuBtnRank.png */,
				FC141494190AF44A00B398CE /* MenuBtnJogar.png */,
				FC14148F190AE94F00B398CE /* MenuBG.png */,
				FC7732FC190ECD44008A7E39 /* BtnVoltar.png */,
				FCCD028519070F7A00FFE9DB /* gramaScene.png */,
				FC8FD6E8190838BE00E3DC97 /* earthScene.png */,
				FCCD02801906F55600FFE9DB /* explosao.png */,
				FCCD02811906F55600FFE9DB /* bola-de-fogo.png */,
				FCCD02761906EFD500FFE9DB /* Knight.png */,
				FCCD02771906EFD500FFE9DB /* dragon-perfil.png */,
				FCCD027A1906F15A00FFE9DB /* Knight-portrate.png */,
				FCCD027B1906F15A00FFE9DB /* dragon-portrate.png */,
				A0005D6A19044064003A60F1 /* dragonAvatar.png */,
				A02127E21909F41B00D67A8B /* tile-earthTransitionBot.png */,
				A02127E31909F41B00D67A8B /* tile-earthTransitionCorner.png */,
				A02127E41909F41B00D67A8B /* tile-earthTransitionL.png */,
				FC8E1CD61900711800D24C87 /* tile-grass.png */,
				FC8E1CD51900711800D24C87 /* tile-earth.png */,
				FC8E1CD91900712200D24C87 /* tile-castle-grass.png */,
				FC8E1CDA1900712200D24C87 /* tile-castle-earth.png */,
				FC8E1CDD1900712C00D24C87 /* tile-mountain.png */,
				FC8E1CDE1900712C00D24C87 /* tile-cave.png */,
				FC3F73C918FF280E00949342 /* dpadClicked.png */,
				FC66C37618FDB7C00015062B /* dpad.png */,
				FC3F738E18FF03AF00949342 /* player.png */,
			);
			name = Images;
			sourceTree = "<group>";
		};
		5E8A846D18FDC5960081583D /* Singletons */ = {
			isa = PBXGroup;
			children = (
				5E8A846E18FDC6110081583D /* GameData.h */,
				5E8A846F18FDC6110081583D /* GameData.m */,
				A02127DF1909F40200D67A8B /* GameController.h */,
				A02127E01909F40200D67A8B /* GameController.m */,
				A0105946190F230400B07EBE /* GFXBuilder.h */,
				A0105947190F230400B07EBE /* GFXBuilder.m */,
				5E44346D190853EA00EBA273 /* Som.h */,
				5E44346E190853EA00EBA273 /* Som.m */,
				5E6CB65D190990F400C05DED /* Ranking.h */,
				5E6CB65E190990F400C05DED /* Ranking.m */,
			);
			name = Singletons;
			sourceTree = "<group>";
		};
		5EBB78871906F4C2001D961C /* Imagens */ = {
			isa = PBXGroup;
			children = (
				5EBB788E19070716001D961C /* pleaseTouch.png */,
				5EBB788C1906F4F1001D961C /* background.png */,
				5EBB78881906F4CE001D961C /* background.psd */,
				5EBB78891906F4CE001D961C /* Titulo.png */,
			);
			name = Imagens;
			sourceTree = "<group>";
		};
		5ECF637F18FF24F900029917 /* Scenes */ = {
			isa = PBXGroup;
			children = (
				B32AE34618F465CC006F8635 /* SceneBattle.h */,
				B32AE34718F465CC006F8635 /* SceneBattle.m */,
				5E4A15C418FC66B80000BC5A /* WorldMap.h */,
				5E4A15C518FC66B80000BC5A /* WorldMap.m */,
				5E7214AE190AD07700678908 /* SceneMenu.h */,
				5E7214AF190AD07700678908 /* SceneMenu.m */,
				5E7214B1190AE24800678908 /* SceneRanking.h */,
				5E7214B2190AE24800678908 /* SceneRanking.m */,
			);
			name = Scenes;
			sourceTree = "<group>";
		};
		A0CF924019DF60FD00D1011B /* Eventing */ = {
			isa = PBXGroup;
			children = (
				A0CF924719DF615F00D1011B /* GPEventListener.h */,
				A0CF924119DF610800D1011B /* GPEvent.h */,
				A0CF924219DF610800D1011B /* GPEvent.m */,
				A0CF924419DF611800D1011B /* GPEventDispatcher.h */,
				A0CF924519DF611800D1011B /* GPEventDispatcher.m */,
			);
			name = Eventing;
			sourceTree = "<group>";
		};
		A0D9F60F19DF779E0077CB4A /* ECS */ = {
			isa = PBXGroup;
			children = (
				B34B2DDD18F470E7007B82C4 /* Engine */,
				B32AE37618F4702C006F8635 /* Systems */,
				B32AE37518F47027006F8635 /* Components */,
			);
			name = ECS;
			sourceTree = "<group>";
		};
		A0D9F61019E1CFDE0077CB4A /* Battle System */ = {
			isa = PBXGroup;
			children = (
				A0D9F62019E1D9C30077CB4A /* Protocols */,
				A0D9F61619E1D0FC0077CB4A /* View */,
				A0D9F61519E1D0F10077CB4A /* Control */,
				A0D9F61419E1D0E80077CB4A /* Data */,
			);
			name = "Battle System";
			sourceTree = "<group>";
		};
		A0D9F61419E1D0E80077CB4A /* Data */ = {
			isa = PBXGroup;
			children = (
				A0D9F61119E1D00A0077CB4A /* BattleAction.h */,
				A0D9F61219E1D00A0077CB4A /* BattleAction.m */,
				A0D9F61719E1D1270077CB4A /* ActionCollection.h */,
				A0D9F61819E1D1270077CB4A /* ActionCollection.m */,
			);
			name = Data;
			sourceTree = "<group>";
		};
		A0D9F61519E1D0F10077CB4A /* Control */ = {
			isa = PBXGroup;
			children = (
				A0D9F61A19E1D3160077CB4A /* ActionBarManager.h */,
				A0D9F61B19E1D3160077CB4A /* ActionBarManager.m */,
				A0D9F61D19E1D4570077CB4A /* ActionQueueManager.h */,
				A0D9F61E19E1D4570077CB4A /* ActionQueueManager.m */,
				A0D9F62819E1E8BD0077CB4A /* ActionRunTimer.h */,
				A0D9F62919E1E8BD0077CB4A /* ActionRunTimer.m */,
			);
			name = Control;
			sourceTree = "<group>";
		};
		A0D9F61619E1D0FC0077CB4A /* View */ = {
			isa = PBXGroup;
			children = (
				A0D9F62219E1E4E80077CB4A /* ActionBarView.h */,
				A0D9F62319E1E4E80077CB4A /* ActionBarView.m */,
				A0D9F62519E1E6570077CB4A /* ActionQueueView.h */,
				A0D9F62619E1E6570077CB4A /* ActionQueueView.m */,
				A0D9F62B19E1F9AC0077CB4A /* ActionIconView.h */,
				A0D9F62C19E1F9AC0077CB4A /* ActionIconView.m */,
			);
			name = View;
			sourceTree = "<group>";
		};
		A0D9F62019E1D9C30077CB4A /* Protocols */ = {
			isa = PBXGroup;
			children = (
				A0D9F62119E1D9F90077CB4A /* ActionRunner.h */,
			);
			name = Protocols;
			sourceTree = "<group>";
		};
		B32AE31D18F465CB006F8635 = {
			isa = PBXGroup;
			children = (
				B32AE33118F465CC006F8635 /* GamePrototype */,
				B32AE35818F465CC006F8635 /* GamePrototypeTests */,
				B32AE32818F465CB006F8635 /* Frameworks */,
				B32AE32718F465CB006F8635 /* Products */,
			);
			sourceTree = "<group>";
		};
		B32AE32718F465CB006F8635 /* Products */ = {
			isa = PBXGroup;
			children = (
				B32AE32618F465CB006F8635 /* GamePrototype.app */,
				B32AE35118F465CC006F8635 /* GamePrototypeTests.xctest */,
			);
			name = Products;
			sourceTree = "<group>";
		};
		B32AE32818F465CB006F8635 /* Frameworks */ = {
			isa = PBXGroup;
			children = (
				B32AE32918F465CB006F8635 /* Foundation.framework */,
				B32AE32B18F465CB006F8635 /* CoreGraphics.framework */,
				B32AE32D18F465CB006F8635 /* UIKit.framework */,
				B32AE32F18F465CC006F8635 /* SpriteKit.framework */,
				B32AE35218F465CC006F8635 /* XCTest.framework */,
			);
			name = Frameworks;
			sourceTree = "<group>";
		};
		B32AE33118F465CC006F8635 /* GamePrototype */ = {
			isa = PBXGroup;
			children = (
				A0D9F61019E1CFDE0077CB4A /* Battle System */,
				A0D9F60F19DF779E0077CB4A /* ECS */,
				B3B15DA8190ADC6200E98B92 /* Misc */,
				5E6CB6601909963400C05DED /* Controllers */,
				5E6CB6591909904500C05DED /* Objetos */,
				5E44345D1908393700EBA273 /* Songs */,
				5EBB78871906F4C2001D961C /* Imagens */,
				5ECF637F18FF24F900029917 /* Scenes */,
				5E8A846D18FDC5960081583D /* Singletons */,
				5E8A846818FDABA90081583D /* Images */,
				B35DDFA218F5D9970079F74D /* CommonImports.h */,
				B32AE33A18F465CC006F8635 /* AppDelegate.h */,
				B32AE33B18F465CC006F8635 /* AppDelegate.m */,
				B32AE33D18F465CC006F8635 /* Main_iPhone.storyboard */,
				B32AE34018F465CC006F8635 /* Main_iPad.storyboard */,
				A0005D67190433CE003A60F1 /* DSMultilineLabelNode.h */,
				A0005D66190433CE003A60F1 /* DSMultilineLabelNode.m */,
				B32AE34B18F465CC006F8635 /* Images.xcassets */,
				B32AE33218F465CC006F8635 /* Supporting Files */,
			);
			path = GamePrototype;
			sourceTree = "<group>";
		};
		B32AE33218F465CC006F8635 /* Supporting Files */ = {
			isa = PBXGroup;
			children = (
				B32AE33318F465CC006F8635 /* GamePrototype-Info.plist */,
				B32AE33418F465CC006F8635 /* InfoPlist.strings */,
				B32AE33718F465CC006F8635 /* main.m */,
				B32AE33918F465CC006F8635 /* GamePrototype-Prefix.pch */,
			);
			name = "Supporting Files";
			sourceTree = "<group>";
		};
		B32AE35818F465CC006F8635 /* GamePrototypeTests */ = {
			isa = PBXGroup;
			children = (
				B32AE35E18F465CC006F8635 /* GamePrototypeTests.m */,
				B32AE35918F465CC006F8635 /* Supporting Files */,
			);
			path = GamePrototypeTests;
			sourceTree = "<group>";
		};
		B32AE35918F465CC006F8635 /* Supporting Files */ = {
			isa = PBXGroup;
			children = (
				B32AE35A18F465CC006F8635 /* GamePrototypeTests-Info.plist */,
				B32AE35B18F465CC006F8635 /* InfoPlist.strings */,
			);
			name = "Supporting Files";
			sourceTree = "<group>";
		};
		B32AE37518F47027006F8635 /* Components */ = {
			isa = PBXGroup;
			children = (
				5E6CB6671909B2A400C05DED /* ComponentBounty.h */,
				5E6CB6681909B2AA00C05DED /* ComponentBounty.m */,
				B32DB96018F4959E001ECCD2 /* ComponentDraggableAttack.h */,
				B32DB96118F4959E001ECCD2 /* ComponentDraggableAttack.m */,
				B35DDF9F18F5D11A0079F74D /* ComponentHealth.h */,
				B35DDFA018F5D11A0079F74D /* ComponentHealth.m */,
				B35DDFA618F5E4FF0079F74D /* ComponentHealthIndicator.h */,
				B35DDFA718F5E4FF0079F74D /* ComponentHealthIndicator.m */,
				B32B9BBC18FDA34800BF4B2C /* ComponentMapaGrid.h */,
				B32B9BBD18FDA34800BF4B2C /* ComponentMapaGrid.m */,
				B32E643918FEF58400040D47 /* ComponentMovement.h */,
				B32E643A18FEF58400040D47 /* ComponentMovement.m */,
				A02B81C01902201900D5A417 /* ComponentMapMovement.h */,
				A02B81C11902201900D5A417 /* ComponentMapMovement.m */,
				B32E644418FF099F00040D47 /* ComponentCamera.h */,
				B32E644518FF099F00040D47 /* ComponentCamera.m */,
				B33EBCC319004F6B0027882B /* ComponentDialog.h */,
				B33EBCC419004F6B0027882B /* ComponentDialog.m */,
				B38069BF1906F0D0006A2294 /* ComponentAIBattle.h */,
				B38069C01906F0D0006A2294 /* ComponentAIBattle.m */,
				B38069C2190703AE006A2294 /* ComponentBattleState.h */,
				B38069C3190703AE006A2294 /* ComponentBattleState.m */,
			);
			name = Components;
			sourceTree = "<group>";
		};
		B32AE37618F4702C006F8635 /* Systems */ = {
			isa = PBXGroup;
			children = (
				B32DB95D18F49557001ECCD2 /* SystemBattle.h */,
				B32DB95E18F49557001ECCD2 /* SystemBattle.m */,
				B35DDFA318F5DE580079F74D /* SystemHealthIndicator.h */,
				B35DDFA418F5DE580079F74D /* SystemHealthIndicator.m */,
				5E4A15CB18FC7A0C0000BC5A /* SystemMovimentoAndar.h */,
				5E4A15CC18FC7A0C0000BC5A /* SystemMovimentoAndar.m */,
				B32B9BBF18FDB68A00BF4B2C /* SystemMap.h */,
				B32B9BC018FDB68A00BF4B2C /* SystemMap.m */,
				B32E643C18FEF66700040D47 /* SystemMapMovement.h */,
				B32E643D18FEF66700040D47 /* SystemMapMovement.m */,
				B32E644118FF098900040D47 /* SystemCamera.h */,
				B32E644218FF098900040D47 /* SystemCamera.m */,
				B33EBCC019004F410027882B /* SystemDialog.h */,
				B33EBCC119004F410027882B /* SystemDialog.m */,
				A0105943190F209800B07EBE /* SystemMapHud.h */,
				A0105944190F209800B07EBE /* SystemMapHud.m */,
			);
			name = Systems;
			sourceTree = "<group>";
		};
		B34B2DDD18F470E7007B82C4 /* Engine */ = {
			isa = PBXGroup;
			children = (
				A0CF924019DF60FD00D1011B /* Eventing */,
				B32AE36F18F46B35006F8635 /* GPSystem.h */,
				B32AE37018F46B35006F8635 /* GPSystem.m */,
				B32AE36C18F467E3006F8635 /* GPComponent.h */,
				B32AE36D18F467E3006F8635 /* GPComponent.m */,
				B32AE36918F46736006F8635 /* GPEntity.h */,
				B32AE36A18F46736006F8635 /* GPEntity.m */,
				B32AE37218F46BB2006F8635 /* GPGameScene.h */,
				B32AE37318F46BB2006F8635 /* GPGameScene.m */,
				B34B2DDE18F475EE007B82C4 /* GPEntitySelector.h */,
				B34B2DDF18F475EE007B82C4 /* GPEntitySelector.m */,
				B34B2DE118F47E17007B82C4 /* GPSelectorRules.h */,
				B34B2DE218F47E17007B82C4 /* GPSelectorRules.m */,
				B32DB95C18F48DA4001ECCD2 /* GamePrototype.h */,
			);
			name = Engine;
			sourceTree = "<group>";
		};
		B3B15DA8190ADC6200E98B92 /* Misc */ = {
			isa = PBXGroup;
			children = (
				B3B15DA9190ADD5800E98B92 /* AnimMaker.h */,
				B3B15DAA190ADD5800E98B92 /* AnimMaker.m */,
				A09A05ED190C471200ACEAB8 /* BattleConfig.h */,
				A09A05EE190C471200ACEAB8 /* BattleConfig.m */,
				A0105940190F122600B07EBE /* BattleResult.h */,
				A0105941190F122600B07EBE /* BattleResult.m */,
			);
			name = Misc;
			sourceTree = "<group>";
		};
/* End PBXGroup section */

/* Begin PBXNativeTarget section */
		B32AE32518F465CB006F8635 /* GamePrototype */ = {
			isa = PBXNativeTarget;
			buildConfigurationList = B32AE36218F465CC006F8635 /* Build configuration list for PBXNativeTarget "GamePrototype" */;
			buildPhases = (
				B32AE32218F465CB006F8635 /* Sources */,
				B32AE32318F465CB006F8635 /* Frameworks */,
				B32AE32418F465CB006F8635 /* Resources */,
			);
			buildRules = (
			);
			dependencies = (
			);
			name = GamePrototype;
			productName = GamePrototype;
			productReference = B32AE32618F465CB006F8635 /* GamePrototype.app */;
			productType = "com.apple.product-type.application";
		};
		B32AE35018F465CC006F8635 /* GamePrototypeTests */ = {
			isa = PBXNativeTarget;
			buildConfigurationList = B32AE36518F465CC006F8635 /* Build configuration list for PBXNativeTarget "GamePrototypeTests" */;
			buildPhases = (
				B32AE34D18F465CC006F8635 /* Sources */,
				B32AE34E18F465CC006F8635 /* Frameworks */,
				B32AE34F18F465CC006F8635 /* Resources */,
			);
			buildRules = (
			);
			dependencies = (
				B32AE35718F465CC006F8635 /* PBXTargetDependency */,
			);
			name = GamePrototypeTests;
			productName = GamePrototypeTests;
			productReference = B32AE35118F465CC006F8635 /* GamePrototypeTests.xctest */;
			productType = "com.apple.product-type.bundle.unit-test";
		};
/* End PBXNativeTarget section */

/* Begin PBXProject section */
		B32AE31E18F465CB006F8635 /* Project object */ = {
			isa = PBXProject;
			attributes = {
				LastUpgradeCheck = 0510;
				ORGANIZATIONNAME = "LUIZ FERNANDO SILVA";
				TargetAttributes = {
					B32AE32518F465CB006F8635 = {
						DevelopmentTeam = 2E2NEW4A56;
					};
					B32AE35018F465CC006F8635 = {
						TestTargetID = B32AE32518F465CB006F8635;
					};
				};
			};
			buildConfigurationList = B32AE32118F465CB006F8635 /* Build configuration list for PBXProject "GamePrototype" */;
			compatibilityVersion = "Xcode 3.2";
			developmentRegion = English;
			hasScannedForEncodings = 0;
			knownRegions = (
				en,
				Base,
			);
			mainGroup = B32AE31D18F465CB006F8635;
			productRefGroup = B32AE32718F465CB006F8635 /* Products */;
			projectDirPath = "";
			projectRoot = "";
			targets = (
				B32AE32518F465CB006F8635 /* GamePrototype */,
				B32AE35018F465CC006F8635 /* GamePrototypeTests */,
			);
		};
/* End PBXProject section */

/* Begin PBXResourcesBuildPhase section */
		B32AE32418F465CB006F8635 /* Resources */ = {
			isa = PBXResourcesBuildPhase;
			buildActionMask = 2147483647;
			files = (
				FC8E1CD71900711800D24C87 /* tile-earth.png in Resources */,
				FC773306190EDD7C008A7E39 /* tile-grassCanto.png in Resources */,
				FCCD027C1906F15A00FFE9DB /* Knight-portrate.png in Resources */,
				5E6CB578190985AD00C05DED /* BatalhaMusica.wav in Resources */,
				5E44346519083F1800EBA273 /* DragaoMorrendo.wav in Resources */,
				FC3F739018FF03AF00949342 /* player.png in Resources */,
				B32AE34C18F465CC006F8635 /* Images.xcassets in Resources */,
				FC8FD6E9190838BE00E3DC97 /* earthScene.png in Resources */,
				FCCD02781906EFD500FFE9DB /* Knight.png in Resources */,
				FC7732FD190ECD44008A7E39 /* BtnVoltar.png in Resources */,
				FC773308190EDD7C008A7E39 /* tile-grassL.png in Resources */,
				5E8A846B18FDABFA0081583D /* dpad.fla in Resources */,
				FC66C37718FDB7C00015062B /* dpad.png in Resources */,
				FCCD027D1906F15A00FFE9DB /* dragon-portrate.png in Resources */,
				FCCD02831906F55600FFE9DB /* explosao.png in Resources */,
				FCCD02821906F55600FFE9DB /* ataqueFogo.fla in Resources */,
				5E44346219083C3600EBA273 /* HomemMorrendo2.wav in Resources */,
				5E6CB57A1909862800C05DED /* gameOver.wav in Resources */,
				FC8E1CE01900712C00D24C87 /* tile-cave.png in Resources */,
				5E4434691908435300EBA273 /* Explosao.wav in Resources */,
				FC3F73CA18FF280E00949342 /* dpadClicked.png in Resources */,
				FC773307190EDD7C008A7E39 /* tile-earthBaixo.png in Resources */,
				A02127E71909F41B00D67A8B /* tile-earthTransitionL.png in Resources */,
				FC8FD6EB19083F8500E3DC97 /* water.atlas in Resources */,
				FC77330D190EDD7C008A7E39 /* tile-earthCanto.png in Resources */,
				FC141495190AF44A00B398CE /* MenuBtnRank.png in Resources */,
				A02127E51909F41B00D67A8B /* tile-earthTransitionBot.png in Resources */,
				FC141499190AF76E00B398CE /* RankCellBG.png in Resources */,
				FC3F73C718FF24E900949342 /* dragon.atlas in Resources */,
				FCCD02841906F55600FFE9DB /* bola-de-fogo.png in Resources */,
				FC77330B190EDD7C008A7E39 /* tile-earthL.png in Resources */,
				B32AE34218F465CC006F8635 /* Main_iPad.storyboard in Resources */,
				FCCD028619070F7A00FFE9DB /* gramaScene.png in Resources */,
				FCCD02791906EFD500FFE9DB /* dragon-perfil.png in Resources */,
				FC8E1CDB1900712200D24C87 /* tile-castle-grass.png in Resources */,
				A02127E61909F41B00D67A8B /* tile-earthTransitionCorner.png in Resources */,
				B32AE33F18F465CC006F8635 /* Main_iPhone.storyboard in Resources */,
				FC141491190AE94F00B398CE /* MenuBG.png in Resources */,
				FC773309190EDD7C008A7E39 /* tile-grassU.png in Resources */,
				FC141496190AF44A00B398CE /* MenuBtnJogar.png in Resources */,
				5E44346B19084EA600EBA273 /* Espada.wav in Resources */,
				5E44346119083C3600EBA273 /* HomemMorrendo3.wav in Resources */,
				5EBB788D1906F4F1001D961C /* background.png in Resources */,
				5E44346319083C3600EBA273 /* HomemMorrendo1.wav in Resources */,
				FC8E1CD81900711800D24C87 /* tile-grass.png in Resources */,
				5E443467190841A900EBA273 /* fireBall.wav in Resources */,
				FC77330C190EDD7C008A7E39 /* tile-grassBaixo.png in Resources */,
				5E6CB57C1909879200C05DED /* MundoMusica.wav in Resources */,
				5EBB788B1906F4CE001D961C /* Titulo.png in Resources */,
				FC8E1CDC1900712200D24C87 /* tile-castle-earth.png in Resources */,
				5E6CB57E190987CC00C05DED /* Vitoria.wav in Resources */,
				A0005D6B19044064003A60F1 /* dragonAvatar.png in Resources */,
				B313318A190EF345009C29BA /* TimeBall.atlas in Resources */,
				FC77330A190EDD7C008A7E39 /* tile-earthU.png in Resources */,
				FC8E1CDF1900712C00D24C87 /* tile-mountain.png in Resources */,
				5EBB788A1906F4CE001D961C /* background.psd in Resources */,
				FC14149B190AF90700B398CE /* RankBG.png in Resources */,
				B32AE33618F465CC006F8635 /* InfoPlist.strings in Resources */,
				5EBB788F19070716001D961C /* pleaseTouch.png in Resources */,
			);
			runOnlyForDeploymentPostprocessing = 0;
		};
		B32AE34F18F465CC006F8635 /* Resources */ = {
			isa = PBXResourcesBuildPhase;
			buildActionMask = 2147483647;
			files = (
				B32AE35D18F465CC006F8635 /* InfoPlist.strings in Resources */,
			);
			runOnlyForDeploymentPostprocessing = 0;
		};
/* End PBXResourcesBuildPhase section */

/* Begin PBXSourcesBuildPhase section */
		B32AE32218F465CB006F8635 /* Sources */ = {
			isa = PBXSourcesBuildPhase;
			buildActionMask = 2147483647;
			files = (
				B34B2DE018F475EE007B82C4 /* GPEntitySelector.m in Sources */,
				A0D9F62D19E1F9AC0077CB4A /* ActionIconView.m in Sources */,
				5E8A847018FDC6110081583D /* GameData.m in Sources */,
				A0D9F62419E1E4E80077CB4A /* ActionBarView.m in Sources */,
				B32DB96218F4959E001ECCD2 /* ComponentDraggableAttack.m in Sources */,
				A0D9F61C19E1D3160077CB4A /* ActionBarManager.m in Sources */,
				B32AE37118F46B35006F8635 /* GPSystem.m in Sources */,
				A0005D68190433CE003A60F1 /* DSMultilineLabelNode.m in Sources */,
				B33EBCC219004F410027882B /* SystemDialog.m in Sources */,
				A02B81C21902201900D5A417 /* ComponentMapMovement.m in Sources */,
				A0105948190F230400B07EBE /* GFXBuilder.m in Sources */,
				A0D9F62719E1E6570077CB4A /* ActionQueueView.m in Sources */,
				B32E643E18FEF66700040D47 /* SystemMapMovement.m in Sources */,
				B32AE36B18F46736006F8635 /* GPEntity.m in Sources */,
				B32DB95F18F49557001ECCD2 /* SystemBattle.m in Sources */,
				B32E643B18FEF58400040D47 /* ComponentMovement.m in Sources */,
				B32E644618FF099F00040D47 /* ComponentCamera.m in Sources */,
				B32AE34818F465CC006F8635 /* SceneBattle.m in Sources */,
				B32AE34518F465CC006F8635 /* ViewController.m in Sources */,
				A0D9F61919E1D1270077CB4A /* ActionCollection.m in Sources */,
				5E4A15CD18FC7A0C0000BC5A /* SystemMovimentoAndar.m in Sources */,
				5E44346F190853EA00EBA273 /* Som.m in Sources */,
				A09A05EF190C471200ACEAB8 /* BattleConfig.m in Sources */,
				B32B9BBE18FDA34800BF4B2C /* ComponentMapaGrid.m in Sources */,
				5E7214B3190AE24800678908 /* SceneRanking.m in Sources */,
				5E6CB65F190990F400C05DED /* Ranking.m in Sources */,
				B33EBCC519004F6B0027882B /* ComponentDialog.m in Sources */,
				A0CF924319DF610800D1011B /* GPEvent.m in Sources */,
				B34B2DE318F47E17007B82C4 /* GPSelectorRules.m in Sources */,
				B32AE36E18F467E3006F8635 /* GPComponent.m in Sources */,
				B3B15DAB190ADD5800E98B92 /* AnimMaker.m in Sources */,
				A0CF924619DF611800D1011B /* GPEventDispatcher.m in Sources */,
				B32E644318FF098900040D47 /* SystemCamera.m in Sources */,
				B32AE33C18F465CC006F8635 /* AppDelegate.m in Sources */,
				B35DDFA518F5DE580079F74D /* SystemHealthIndicator.m in Sources */,
				5E4A15C618FC66B80000BC5A /* WorldMap.m in Sources */,
				A0105945190F209800B07EBE /* SystemMapHud.m in Sources */,
				A0105942190F122600B07EBE /* BattleResult.m in Sources */,
				5E6CB6691909B2AA00C05DED /* ComponentBounty.m in Sources */,
				B35DDFA118F5D11A0079F74D /* ComponentHealth.m in Sources */,
				A0D9F61319E1D00A0077CB4A /* BattleAction.m in Sources */,
				B38069C11906F0D0006A2294 /* ComponentAIBattle.m in Sources */,
				B32B9BC118FDB68A00BF4B2C /* SystemMap.m in Sources */,
				B38069C4190703AE006A2294 /* ComponentBattleState.m in Sources */,
				A0D9F62A19E1E8BD0077CB4A /* ActionRunTimer.m in Sources */,
				5E7214B0190AD07700678908 /* SceneMenu.m in Sources */,
				B32AE37418F46BB2006F8635 /* GPGameScene.m in Sources */,
				B35DDFA818F5E4FF0079F74D /* ComponentHealthIndicator.m in Sources */,
				A02127E11909F40200D67A8B /* GameController.m in Sources */,
				A0D9F61F19E1D4570077CB4A /* ActionQueueManager.m in Sources */,
				5E6CB65C1909908C00C05DED /* Score.m in Sources */,
				B32AE33818F465CC006F8635 /* main.m in Sources */,
			);
			runOnlyForDeploymentPostprocessing = 0;
		};
		B32AE34D18F465CC006F8635 /* Sources */ = {
			isa = PBXSourcesBuildPhase;
			buildActionMask = 2147483647;
			files = (
				B32AE35F18F465CC006F8635 /* GamePrototypeTests.m in Sources */,
			);
			runOnlyForDeploymentPostprocessing = 0;
		};
/* End PBXSourcesBuildPhase section */

/* Begin PBXTargetDependency section */
		B32AE35718F465CC006F8635 /* PBXTargetDependency */ = {
			isa = PBXTargetDependency;
			target = B32AE32518F465CB006F8635 /* GamePrototype */;
			targetProxy = B32AE35618F465CC006F8635 /* PBXContainerItemProxy */;
		};
/* End PBXTargetDependency section */

/* Begin PBXVariantGroup section */
		B32AE33418F465CC006F8635 /* InfoPlist.strings */ = {
			isa = PBXVariantGroup;
			children = (
				B32AE33518F465CC006F8635 /* en */,
			);
			name = InfoPlist.strings;
			sourceTree = "<group>";
		};
		B32AE33D18F465CC006F8635 /* Main_iPhone.storyboard */ = {
			isa = PBXVariantGroup;
			children = (
				B32AE33E18F465CC006F8635 /* Base */,
			);
			name = Main_iPhone.storyboard;
			sourceTree = "<group>";
		};
		B32AE34018F465CC006F8635 /* Main_iPad.storyboard */ = {
			isa = PBXVariantGroup;
			children = (
				B32AE34118F465CC006F8635 /* Base */,
			);
			name = Main_iPad.storyboard;
			sourceTree = "<group>";
		};
		B32AE35B18F465CC006F8635 /* InfoPlist.strings */ = {
			isa = PBXVariantGroup;
			children = (
				B32AE35C18F465CC006F8635 /* en */,
			);
			name = InfoPlist.strings;
			sourceTree = "<group>";
		};
/* End PBXVariantGroup section */

/* Begin XCBuildConfiguration section */
		B32AE36018F465CC006F8635 /* Debug */ = {
			isa = XCBuildConfiguration;
			buildSettings = {
				ALWAYS_SEARCH_USER_PATHS = NO;
				CLANG_CXX_LANGUAGE_STANDARD = "gnu++0x";
				CLANG_CXX_LIBRARY = "libc++";
				CLANG_ENABLE_MODULES = YES;
				CLANG_ENABLE_OBJC_ARC = YES;
				CLANG_WARN_BOOL_CONVERSION = YES;
				CLANG_WARN_CONSTANT_CONVERSION = YES;
				CLANG_WARN_DIRECT_OBJC_ISA_USAGE = YES_ERROR;
				CLANG_WARN_EMPTY_BODY = YES;
				CLANG_WARN_ENUM_CONVERSION = YES;
				CLANG_WARN_INT_CONVERSION = YES;
				CLANG_WARN_OBJC_ROOT_CLASS = YES_ERROR;
				CLANG_WARN__DUPLICATE_METHOD_MATCH = YES;
				"CODE_SIGN_IDENTITY[sdk=iphoneos*]" = "iPhone Developer";
				COPY_PHASE_STRIP = NO;
				GCC_C_LANGUAGE_STANDARD = gnu99;
				GCC_DYNAMIC_NO_PIC = NO;
				GCC_OPTIMIZATION_LEVEL = 0;
				GCC_PREPROCESSOR_DEFINITIONS = (
					"DEBUG=1",
					"$(inherited)",
				);
				GCC_SYMBOLS_PRIVATE_EXTERN = NO;
				GCC_WARN_64_TO_32_BIT_CONVERSION = YES;
				GCC_WARN_ABOUT_RETURN_TYPE = YES_ERROR;
				GCC_WARN_UNDECLARED_SELECTOR = YES;
				GCC_WARN_UNINITIALIZED_AUTOS = YES;
				GCC_WARN_UNUSED_FUNCTION = YES;
				GCC_WARN_UNUSED_VARIABLE = YES;
				IPHONEOS_DEPLOYMENT_TARGET = 7.0;
				ONLY_ACTIVE_ARCH = YES;
				SDKROOT = iphoneos;
				TARGETED_DEVICE_FAMILY = "1,2";
			};
			name = Debug;
		};
		B32AE36118F465CC006F8635 /* Release */ = {
			isa = XCBuildConfiguration;
			buildSettings = {
				ALWAYS_SEARCH_USER_PATHS = NO;
				CLANG_CXX_LANGUAGE_STANDARD = "gnu++0x";
				CLANG_CXX_LIBRARY = "libc++";
				CLANG_ENABLE_MODULES = YES;
				CLANG_ENABLE_OBJC_ARC = YES;
				CLANG_WARN_BOOL_CONVERSION = YES;
				CLANG_WARN_CONSTANT_CONVERSION = YES;
				CLANG_WARN_DIRECT_OBJC_ISA_USAGE = YES_ERROR;
				CLANG_WARN_EMPTY_BODY = YES;
				CLANG_WARN_ENUM_CONVERSION = YES;
				CLANG_WARN_INT_CONVERSION = YES;
				CLANG_WARN_OBJC_ROOT_CLASS = YES_ERROR;
				CLANG_WARN__DUPLICATE_METHOD_MATCH = YES;
				"CODE_SIGN_IDENTITY[sdk=iphoneos*]" = "iPhone Developer";
				COPY_PHASE_STRIP = YES;
				ENABLE_NS_ASSERTIONS = NO;
				GCC_C_LANGUAGE_STANDARD = gnu99;
				GCC_WARN_64_TO_32_BIT_CONVERSION = YES;
				GCC_WARN_ABOUT_RETURN_TYPE = YES_ERROR;
				GCC_WARN_UNDECLARED_SELECTOR = YES;
				GCC_WARN_UNINITIALIZED_AUTOS = YES;
				GCC_WARN_UNUSED_FUNCTION = YES;
				GCC_WARN_UNUSED_VARIABLE = YES;
				IPHONEOS_DEPLOYMENT_TARGET = 7.0;
				SDKROOT = iphoneos;
				TARGETED_DEVICE_FAMILY = "1,2";
				VALIDATE_PRODUCT = YES;
			};
			name = Release;
		};
		B32AE36318F465CC006F8635 /* Debug */ = {
			isa = XCBuildConfiguration;
			buildSettings = {
				ASSETCATALOG_COMPILER_APPICON_NAME = AppIcon;
				ASSETCATALOG_COMPILER_LAUNCHIMAGE_NAME = LaunchImage;
				CODE_SIGN_IDENTITY = "iPhone Developer";
				"CODE_SIGN_IDENTITY[sdk=iphoneos*]" = "iPhone Developer";
				GCC_PRECOMPILE_PREFIX_HEADER = YES;
				GCC_PREFIX_HEADER = "GamePrototype/GamePrototype-Prefix.pch";
				INFOPLIST_FILE = "GamePrototype/GamePrototype-Info.plist";
				IPHONEOS_DEPLOYMENT_TARGET = 7.1;
				PRODUCT_NAME = "$(TARGET_NAME)";
				PROVISIONING_PROFILE = "";
				SPRITEKIT_TEXTURE_ATLAS_OUTPUT = YES;
				TARGETED_DEVICE_FAMILY = "1,2";
				WRAPPER_EXTENSION = app;
			};
			name = Debug;
		};
		B32AE36418F465CC006F8635 /* Release */ = {
			isa = XCBuildConfiguration;
			buildSettings = {
				ASSETCATALOG_COMPILER_APPICON_NAME = AppIcon;
				ASSETCATALOG_COMPILER_LAUNCHIMAGE_NAME = LaunchImage;
				CODE_SIGN_IDENTITY = "iPhone Developer";
				"CODE_SIGN_IDENTITY[sdk=iphoneos*]" = "iPhone Developer";
				GCC_PRECOMPILE_PREFIX_HEADER = YES;
				GCC_PREFIX_HEADER = "GamePrototype/GamePrototype-Prefix.pch";
				INFOPLIST_FILE = "GamePrototype/GamePrototype-Info.plist";
				IPHONEOS_DEPLOYMENT_TARGET = 7.1;
				PRODUCT_NAME = "$(TARGET_NAME)";
				PROVISIONING_PROFILE = "";
				SPRITEKIT_TEXTURE_ATLAS_OUTPUT = YES;
				TARGETED_DEVICE_FAMILY = "1,2";
				WRAPPER_EXTENSION = app;
			};
			name = Release;
		};
		B32AE36618F465CC006F8635 /* Debug */ = {
			isa = XCBuildConfiguration;
			buildSettings = {
				BUNDLE_LOADER = "$(BUILT_PRODUCTS_DIR)/GamePrototype.app/GamePrototype";
				FRAMEWORK_SEARCH_PATHS = (
					"$(SDKROOT)/Developer/Library/Frameworks",
					"$(inherited)",
					"$(DEVELOPER_FRAMEWORKS_DIR)",
				);
				GCC_PRECOMPILE_PREFIX_HEADER = YES;
				GCC_PREFIX_HEADER = "GamePrototype/GamePrototype-Prefix.pch";
				GCC_PREPROCESSOR_DEFINITIONS = (
					"DEBUG=1",
					"$(inherited)",
				);
				INFOPLIST_FILE = "GamePrototypeTests/GamePrototypeTests-Info.plist";
				PRODUCT_NAME = "$(TARGET_NAME)";
				TEST_HOST = "$(BUNDLE_LOADER)";
				WRAPPER_EXTENSION = xctest;
			};
			name = Debug;
		};
		B32AE36718F465CC006F8635 /* Release */ = {
			isa = XCBuildConfiguration;
			buildSettings = {
				BUNDLE_LOADER = "$(BUILT_PRODUCTS_DIR)/GamePrototype.app/GamePrototype";
				FRAMEWORK_SEARCH_PATHS = (
					"$(SDKROOT)/Developer/Library/Frameworks",
					"$(inherited)",
					"$(DEVELOPER_FRAMEWORKS_DIR)",
				);
				GCC_PRECOMPILE_PREFIX_HEADER = YES;
				GCC_PREFIX_HEADER = "GamePrototype/GamePrototype-Prefix.pch";
				INFOPLIST_FILE = "GamePrototypeTests/GamePrototypeTests-Info.plist";
				PRODUCT_NAME = "$(TARGET_NAME)";
				TEST_HOST = "$(BUNDLE_LOADER)";
				WRAPPER_EXTENSION = xctest;
			};
			name = Release;
		};
/* End XCBuildConfiguration section */

/* Begin XCConfigurationList section */
		B32AE32118F465CB006F8635 /* Build configuration list for PBXProject "GamePrototype" */ = {
			isa = XCConfigurationList;
			buildConfigurations = (
				B32AE36018F465CC006F8635 /* Debug */,
				B32AE36118F465CC006F8635 /* Release */,
			);
			defaultConfigurationIsVisible = 0;
			defaultConfigurationName = Release;
		};
		B32AE36218F465CC006F8635 /* Build configuration list for PBXNativeTarget "GamePrototype" */ = {
			isa = XCConfigurationList;
			buildConfigurations = (
				B32AE36318F465CC006F8635 /* Debug */,
				B32AE36418F465CC006F8635 /* Release */,
			);
			defaultConfigurationIsVisible = 0;
			defaultConfigurationName = Release;
		};
		B32AE36518F465CC006F8635 /* Build configuration list for PBXNativeTarget "GamePrototypeTests" */ = {
			isa = XCConfigurationList;
			buildConfigurations = (
				B32AE36618F465CC006F8635 /* Debug */,
				B32AE36718F465CC006F8635 /* Release */,
			);
			defaultConfigurationIsVisible = 0;
			defaultConfigurationName = Release;
		};
/* End XCConfigurationList section */
	};
	rootObject = B32AE31E18F465CB006F8635 /* Project object */;
}
